// !$*UTF8*$!
{
	archiveVersion = 1;
	classes = {
	};
	objectVersion = 56;
	objects = {

/* Begin PBXBuildFile section */
		A9594A0F2A2842BF0063C0D7 /* ImagePicker_BACKUP.swift in Sources */ = {isa = PBXBuildFile; fileRef = A9594A0E2A2842BF0063C0D7 /* ImagePicker_BACKUP.swift */; };
		A9594A112A2842DC0063C0D7 /* FirebaseStorage_BACKUP.swift in Sources */ = {isa = PBXBuildFile; fileRef = A9594A102A2842DC0063C0D7 /* FirebaseStorage_BACKUP.swift */; };
		A9594A132A28438B0063C0D7 /* FirebaseStorage in Frameworks */ = {isa = PBXBuildFile; productRef = A9594A122A28438B0063C0D7 /* FirebaseStorage */; };
		A9CEFE7A2A2A9B1900BD6E58 /* SDWebImageSwiftUI in Frameworks */ = {isa = PBXBuildFile; productRef = A9CEFE792A2A9B1900BD6E58 /* SDWebImageSwiftUI */; };
		BC014F102A91801F0002140A /* AppLock.swift in Sources */ = {isa = PBXBuildFile; fileRef = BC014F0F2A91801F0002140A /* AppLock.swift */; };
		BC014F122A9192DD0002140A /* ScrollOffset.swift in Sources */ = {isa = PBXBuildFile; fileRef = BC014F112A9192DD0002140A /* ScrollOffset.swift */; };
		BC1132522A95466C0080F294 /* NavigationPathWrapper.swift in Sources */ = {isa = PBXBuildFile; fileRef = BC1132512A95466C0080F294 /* NavigationPathWrapper.swift */; };
		BC2AF1DF2A6B9993002A822C /* PageOptionsView.swift in Sources */ = {isa = PBXBuildFile; fileRef = BC2AF1DE2A6B9993002A822C /* PageOptionsView.swift */; };
		BC553CAE2A3A7120002A2EA2 /* CustomConfirmAlert.swift in Sources */ = {isa = PBXBuildFile; fileRef = BC553CAD2A3A7120002A2EA2 /* CustomConfirmAlert.swift */; };
		BC8F7E2F2A37FFBD008E97B2 /* ImagePicker.swift in Sources */ = {isa = PBXBuildFile; fileRef = BC8F7E012A37FFBD008E97B2 /* ImagePicker.swift */; };
		BC8F7E302A37FFBD008E97B2 /* FirebaseStorage.swift in Sources */ = {isa = PBXBuildFile; fileRef = BC8F7E022A37FFBD008E97B2 /* FirebaseStorage.swift */; };
		BC8F7E312A37FFBD008E97B2 /* LockView.swift in Sources */ = {isa = PBXBuildFile; fileRef = BC8F7E052A37FFBD008E97B2 /* LockView.swift */; };
		BC8F7E322A37FFBD008E97B2 /* SwitchView.swift in Sources */ = {isa = PBXBuildFile; fileRef = BC8F7E062A37FFBD008E97B2 /* SwitchView.swift */; };
		BC8F7E332A37FFBD008E97B2 /* SingleCommunicator.swift in Sources */ = {isa = PBXBuildFile; fileRef = BC8F7E082A37FFBD008E97B2 /* SingleCommunicator.swift */; };
		BC8F7E342A37FFBD008E97B2 /* Communicator.swift in Sources */ = {isa = PBXBuildFile; fileRef = BC8F7E092A37FFBD008E97B2 /* Communicator.swift */; };
		BC8F7E352A37FFBD008E97B2 /* DoubleCommunicator.swift in Sources */ = {isa = PBXBuildFile; fileRef = BC8F7E0A2A37FFBD008E97B2 /* DoubleCommunicator.swift */; };
		BC8F7E362A37FFBD008E97B2 /* VoiceConfigurationView.swift in Sources */ = {isa = PBXBuildFile; fileRef = BC8F7E0C2A37FFBD008E97B2 /* VoiceConfigurationView.swift */; };
		BC8F7E372A37FFBD008E97B2 /* PictogramViewModel.swift in Sources */ = {isa = PBXBuildFile; fileRef = BC8F7E0F2A37FFBD008E97B2 /* PictogramViewModel.swift */; };
		BC8F7E382A37FFBD008E97B2 /* CategoryViewModel.swift in Sources */ = {isa = PBXBuildFile; fileRef = BC8F7E102A37FFBD008E97B2 /* CategoryViewModel.swift */; };
		BC8F7E392A37FFBD008E97B2 /* ColorPickerView.swift in Sources */ = {isa = PBXBuildFile; fileRef = BC8F7E122A37FFBD008E97B2 /* ColorPickerView.swift */; };
		BC8F7E3A2A37FFBD008E97B2 /* TextFieldView.swift in Sources */ = {isa = PBXBuildFile; fileRef = BC8F7E132A37FFBD008E97B2 /* TextFieldView.swift */; };
		BC8F7E3B2A37FFBD008E97B2 /* SearchBarView.swift in Sources */ = {isa = PBXBuildFile; fileRef = BC8F7E142A37FFBD008E97B2 /* SearchBarView.swift */; };
		BC8F7E3C2A37FFBD008E97B2 /* XOverCircleView.swift in Sources */ = {isa = PBXBuildFile; fileRef = BC8F7E152A37FFBD008E97B2 /* XOverCircleView.swift */; };
		BC8F7E3D2A37FFBD008E97B2 /* ButtonView.swift in Sources */ = {isa = PBXBuildFile; fileRef = BC8F7E162A37FFBD008E97B2 /* ButtonView.swift */; };
		BC8F7E3E2A37FFBD008E97B2 /* PictogramEditor.swift in Sources */ = {isa = PBXBuildFile; fileRef = BC8F7E182A37FFBD008E97B2 /* PictogramEditor.swift */; };
		BC8F7E3F2A37FFBD008E97B2 /* CategoryModel.swift in Sources */ = {isa = PBXBuildFile; fileRef = BC8F7E1A2A37FFBD008E97B2 /* CategoryModel.swift */; };
		BC8F7E402A37FFBD008E97B2 /* PictogramModel.swift in Sources */ = {isa = PBXBuildFile; fileRef = BC8F7E1B2A37FFBD008E97B2 /* PictogramModel.swift */; };
		BC8F7E412A37FFBD008E97B2 /* CustomAlert.swift in Sources */ = {isa = PBXBuildFile; fileRef = BC8F7E1D2A37FFBD008E97B2 /* CustomAlert.swift */; };
		BC8F7E422A37FFBD008E97B2 /* ColorMaker.swift in Sources */ = {isa = PBXBuildFile; fileRef = BC8F7E1F2A37FFBD008E97B2 /* ColorMaker.swift */; };
		BC8F7E432A37FFBD008E97B2 /* SortedArray.swift in Sources */ = {isa = PBXBuildFile; fileRef = BC8F7E202A37FFBD008E97B2 /* SortedArray.swift */; };
		BC8F7E442A37FFBD008E97B2 /* PictogramView.swift in Sources */ = {isa = PBXBuildFile; fileRef = BC8F7E222A37FFBD008E97B2 /* PictogramView.swift */; };
		BC8F7E452A37FFBD008E97B2 /* CategoryPickerView.swift in Sources */ = {isa = PBXBuildFile; fileRef = BC8F7E232A37FFBD008E97B2 /* CategoryPickerView.swift */; };
		BC8F7E462A37FFBD008E97B2 /* DropDownCategoryPicker.swift in Sources */ = {isa = PBXBuildFile; fileRef = BC8F7E242A37FFBD008E97B2 /* DropDownCategoryPicker.swift */; };
		BC8F7E472A37FFBD008E97B2 /* PictogramGridView.swift in Sources */ = {isa = PBXBuildFile; fileRef = BC8F7E252A37FFBD008E97B2 /* PictogramGridView.swift */; };
		BC8F7E482A37FFBD008E97B2 /* PictogramEditorWindowView.swift in Sources */ = {isa = PBXBuildFile; fileRef = BC8F7E262A37FFBD008E97B2 /* PictogramEditorWindowView.swift */; };
		BC8F7E492A37FFBD008E97B2 /* CategoryEditorWindowView.swift in Sources */ = {isa = PBXBuildFile; fileRef = BC8F7E272A37FFBD008E97B2 /* CategoryEditorWindowView.swift */; };
		BC8F7E4A2A37FFBD008E97B2 /* PageViewModel.swift in Sources */ = {isa = PBXBuildFile; fileRef = BC8F7E2A2A37FFBD008E97B2 /* PageViewModel.swift */; };
		BC8F7E4B2A37FFBD008E97B2 /* Album.swift in Sources */ = {isa = PBXBuildFile; fileRef = BC8F7E2C2A37FFBD008E97B2 /* Album.swift */; };
		BC8F7E4C2A37FFBD008E97B2 /* PageModel.swift in Sources */ = {isa = PBXBuildFile; fileRef = BC8F7E2E2A37FFBD008E97B2 /* PageModel.swift */; };
		BC8FE0A12A736A8100BE7ABC /* BoardCache.swift in Sources */ = {isa = PBXBuildFile; fileRef = BC8FE0A02A736A8100BE7ABC /* BoardCache.swift */; };
		BCB1B7092A42BA6E00C01B15 /* PageThumbnail.swift in Sources */ = {isa = PBXBuildFile; fileRef = BCB1B7082A42BA6E00C01B15 /* PageThumbnail.swift */; };
		BCB1B70B2A42BA7600C01B15 /* PageDisplay.swift in Sources */ = {isa = PBXBuildFile; fileRef = BCB1B70A2A42BA7600C01B15 /* PageDisplay.swift */; };
		BCB1B70D2A42BB3100C01B15 /* PageEdit.swift in Sources */ = {isa = PBXBuildFile; fileRef = BCB1B70C2A42BB3100C01B15 /* PageEdit.swift */; };
		BCB1B70F2A42BB6A00C01B15 /* PageBoardView.swift in Sources */ = {isa = PBXBuildFile; fileRef = BCB1B70E2A42BB6A00C01B15 /* PageBoardView.swift */; };
		BCB1B7112A42BBD100C01B15 /* PictogramPickerView.swift in Sources */ = {isa = PBXBuildFile; fileRef = BCB1B7102A42BBD100C01B15 /* PictogramPickerView.swift */; };
		BCBC2F3D2A39A23F009CFD1C /* ButtonWithImageView.swift in Sources */ = {isa = PBXBuildFile; fileRef = BCBC2F3C2A39A23F009CFD1C /* ButtonWithImageView.swift */; };
		BCD0B7862A4553C000E83CA6 /* EditPictogramHolderView.swift in Sources */ = {isa = PBXBuildFile; fileRef = BCD0B7852A4553C000E83CA6 /* EditPictogramHolderView.swift */; };
		BCD0B7882A45557000E83CA6 /* DisplayPictogramHolderView.swift in Sources */ = {isa = PBXBuildFile; fileRef = BCD0B7872A45557000E83CA6 /* DisplayPictogramHolderView.swift */; };
		BCD0B78A2A457BDD00E83CA6 /* PictogramPlaceholderView.swift in Sources */ = {isa = PBXBuildFile; fileRef = BCD0B7892A457BDD00E83CA6 /* PictogramPlaceholderView.swift */; };
		BCD0B78C2A45878E00E83CA6 /* DoublePictogramPickerView.swift in Sources */ = {isa = PBXBuildFile; fileRef = BCD0B78B2A45878E00E83CA6 /* DoublePictogramPickerView.swift */; };
		BCDB34C42A4933070011562C /* PictogramScaleModifierView.swift in Sources */ = {isa = PBXBuildFile; fileRef = BCDB34C32A4933070011562C /* PictogramScaleModifierView.swift */; };
		C2207EFC2A184E3000F31578 /* Kingfisher in Frameworks */ = {isa = PBXBuildFile; productRef = C2207EFB2A184E3000F31578 /* Kingfisher */; };
		C2207EFE2A1C04A500F31578 /* AddPatientView.swift in Sources */ = {isa = PBXBuildFile; fileRef = C2207EFD2A1C04A500F31578 /* AddPatientView.swift */; };
		C2207F002A1F1AF400F31578 /* Note.swift in Sources */ = {isa = PBXBuildFile; fileRef = C2207EFF2A1F1AF300F31578 /* Note.swift */; };
		C2207F022A1F1B7F00F31578 /* NotesViewModel.swift in Sources */ = {isa = PBXBuildFile; fileRef = C2207F012A1F1B7E00F31578 /* NotesViewModel.swift */; };
		C2207F042A206B4900F31578 /* AddNoteView.swift in Sources */ = {isa = PBXBuildFile; fileRef = C2207F032A206B4900F31578 /* AddNoteView.swift */; };
		C2207F062A2162E600F31578 /* EditPatientView.swift in Sources */ = {isa = PBXBuildFile; fileRef = C2207F052A2162E600F31578 /* EditPatientView.swift */; };
		C2207F082A252D2900F31578 /* DeletePatientView.swift in Sources */ = {isa = PBXBuildFile; fileRef = C2207F072A252D2800F31578 /* DeletePatientView.swift */; };
		C2207F0E2A268C5A00F31578 /* EditNoteView.swift in Sources */ = {isa = PBXBuildFile; fileRef = C2207F0D2A268C5A00F31578 /* EditNoteView.swift */; };
		C22A9A682A9432790087AF1F /* HelpersStringValidation.swift in Sources */ = {isa = PBXBuildFile; fileRef = C22A9A672A9432790087AF1F /* HelpersStringValidation.swift */; };
		C22ECD452A33E32200DF8A06 /* CommunicatorMenuView.swift in Sources */ = {isa = PBXBuildFile; fileRef = C22ECD442A33E32200DF8A06 /* CommunicatorMenuView.swift */; };
		C22ECD482A380C4600DF8A06 /* FirebaseFirestoreSwift in Frameworks */ = {isa = PBXBuildFile; productRef = C22ECD472A380C4600DF8A06 /* FirebaseFirestoreSwift */; };
		C235FDAD2A18106E005412A7 /* AdminView.swift in Sources */ = {isa = PBXBuildFile; fileRef = C235FDAC2A18106E005412A7 /* AdminView.swift */; };
		C235FDAF2A181080005412A7 /* PatientView.swift in Sources */ = {isa = PBXBuildFile; fileRef = C235FDAE2A181080005412A7 /* PatientView.swift */; };
		C235FDB12A1810C3005412A7 /* PatientsViewModel.swift in Sources */ = {isa = PBXBuildFile; fileRef = C235FDB02A1810C3005412A7 /* PatientsViewModel.swift */; };
		C235FDB32A1810EB005412A7 /* Patient.swift in Sources */ = {isa = PBXBuildFile; fileRef = C235FDB22A1810EB005412A7 /* Patient.swift */; };
		C250AFC72A174B60008F5699 /* AuthView.swift in Sources */ = {isa = PBXBuildFile; fileRef = C250AFC62A174B5F008F5699 /* AuthView.swift */; };
		C29428022A15A8F000E814C9 /* FirebaseFirestore in Frameworks */ = {isa = PBXBuildFile; productRef = C29428012A15A8F000E814C9 /* FirebaseFirestore */; };
		C29428062A15B3C500E814C9 /* AuthenticationFirebaseDataSource.swift in Sources */ = {isa = PBXBuildFile; fileRef = C29428052A15B3C500E814C9 /* AuthenticationFirebaseDataSource.swift */; };
		C29428082A15B85500E814C9 /* ContentView.swift in Sources */ = {isa = PBXBuildFile; fileRef = C29428072A15B85500E814C9 /* ContentView.swift */; };
		C2A8CAB62A0D9F540026DB96 /* nuevoamanecerApp.swift in Sources */ = {isa = PBXBuildFile; fileRef = C2A8CAB52A0D9F540026DB96 /* nuevoamanecerApp.swift */; };
		C2A8CABA2A0D9F580026DB96 /* Assets.xcassets in Resources */ = {isa = PBXBuildFile; fileRef = C2A8CAB92A0D9F580026DB96 /* Assets.xcassets */; };
		C2A8CABD2A0D9F580026DB96 /* Preview Assets.xcassets in Resources */ = {isa = PBXBuildFile; fileRef = C2A8CABC2A0D9F580026DB96 /* Preview Assets.xcassets */; };
		C2BEDB002A0DA53B005398F9 /* FirebaseAnalytics in Frameworks */ = {isa = PBXBuildFile; productRef = C2BEDAFF2A0DA53B005398F9 /* FirebaseAnalytics */; };
		C2BEDB022A0DA53B005398F9 /* FirebaseAnalyticsSwift in Frameworks */ = {isa = PBXBuildFile; productRef = C2BEDB012A0DA53B005398F9 /* FirebaseAnalyticsSwift */; };
		C2BEDB062A0DA77A005398F9 /* GoogleService-Info.plist in Resources */ = {isa = PBXBuildFile; fileRef = C2BEDB052A0DA77A005398F9 /* GoogleService-Info.plist */; };
		C2BEDB0C2A1410AC005398F9 /* DismissView.swift in Sources */ = {isa = PBXBuildFile; fileRef = C2BEDB0B2A1410AC005398F9 /* DismissView.swift */; };
		C2BEDB0F2A141262005398F9 /* FirebaseAuth in Frameworks */ = {isa = PBXBuildFile; productRef = C2BEDB0E2A141262005398F9 /* FirebaseAuth */; };
		C2BEDB632A157B12005398F9 /* LoginView.swift in Sources */ = {isa = PBXBuildFile; fileRef = C2BEDB622A157B12005398F9 /* LoginView.swift */; };
		C2BEDB652A157B22005398F9 /* RegisterView.swift in Sources */ = {isa = PBXBuildFile; fileRef = C2BEDB642A157B22005398F9 /* RegisterView.swift */; };
		C2BEDB672A157B72005398F9 /* User.swift in Sources */ = {isa = PBXBuildFile; fileRef = C2BEDB662A157B72005398F9 /* User.swift */; };
		C2BEDB6D2A15867D005398F9 /* AuthViewModel.swift in Sources */ = {isa = PBXBuildFile; fileRef = C2BEDB6C2A15867D005398F9 /* AuthViewModel.swift */; };
		C2CF66872A2E8AAE005A7338 /* AdminNav.swift in Sources */ = {isa = PBXBuildFile; fileRef = C2CF66862A2E8AAE005A7338 /* AdminNav.swift */; };
		C2CF668D2A2FE308005A7338 /* AdminMenuView.swift in Sources */ = {isa = PBXBuildFile; fileRef = C2CF668C2A2FE308005A7338 /* AdminMenuView.swift */; };
		C2CF668F2A302982005A7338 /* PatientCardView.swift in Sources */ = {isa = PBXBuildFile; fileRef = C2CF668E2A302982005A7338 /* PatientCardView.swift */; };
		C2CF66912A302A7F005A7338 /* NoteCardView.swift in Sources */ = {isa = PBXBuildFile; fileRef = C2CF66902A302A7F005A7338 /* NoteCardView.swift */; };
/* End PBXBuildFile section */

/* Begin PBXFileReference section */
		A9594A0E2A2842BF0063C0D7 /* ImagePicker_BACKUP.swift */ = {isa = PBXFileReference; fileEncoding = 4; lastKnownFileType = sourcecode.swift; path = ImagePicker_BACKUP.swift; sourceTree = "<group>"; };
		A9594A102A2842DC0063C0D7 /* FirebaseStorage_BACKUP.swift */ = {isa = PBXFileReference; fileEncoding = 4; lastKnownFileType = sourcecode.swift; path = FirebaseStorage_BACKUP.swift; sourceTree = "<group>"; };
		BC014F0F2A91801F0002140A /* AppLock.swift */ = {isa = PBXFileReference; lastKnownFileType = sourcecode.swift; path = AppLock.swift; sourceTree = "<group>"; };
		BC014F112A9192DD0002140A /* ScrollOffset.swift */ = {isa = PBXFileReference; lastKnownFileType = sourcecode.swift; path = ScrollOffset.swift; sourceTree = "<group>"; };
		BC1132512A95466C0080F294 /* NavigationPathWrapper.swift */ = {isa = PBXFileReference; lastKnownFileType = sourcecode.swift; path = NavigationPathWrapper.swift; sourceTree = "<group>"; };
		BC2AF1DE2A6B9993002A822C /* PageOptionsView.swift */ = {isa = PBXFileReference; lastKnownFileType = sourcecode.swift; path = PageOptionsView.swift; sourceTree = "<group>"; };
		BC553CAD2A3A7120002A2EA2 /* CustomConfirmAlert.swift */ = {isa = PBXFileReference; lastKnownFileType = sourcecode.swift; path = CustomConfirmAlert.swift; sourceTree = "<group>"; };
		BC8F7E012A37FFBD008E97B2 /* ImagePicker.swift */ = {isa = PBXFileReference; fileEncoding = 4; lastKnownFileType = sourcecode.swift; path = ImagePicker.swift; sourceTree = "<group>"; };
		BC8F7E022A37FFBD008E97B2 /* FirebaseStorage.swift */ = {isa = PBXFileReference; fileEncoding = 4; lastKnownFileType = sourcecode.swift; path = FirebaseStorage.swift; sourceTree = "<group>"; };
		BC8F7E052A37FFBD008E97B2 /* LockView.swift */ = {isa = PBXFileReference; fileEncoding = 4; lastKnownFileType = sourcecode.swift; path = LockView.swift; sourceTree = "<group>"; };
		BC8F7E062A37FFBD008E97B2 /* SwitchView.swift */ = {isa = PBXFileReference; fileEncoding = 4; lastKnownFileType = sourcecode.swift; path = SwitchView.swift; sourceTree = "<group>"; };
		BC8F7E082A37FFBD008E97B2 /* SingleCommunicator.swift */ = {isa = PBXFileReference; fileEncoding = 4; lastKnownFileType = sourcecode.swift; path = SingleCommunicator.swift; sourceTree = "<group>"; };
		BC8F7E092A37FFBD008E97B2 /* Communicator.swift */ = {isa = PBXFileReference; fileEncoding = 4; lastKnownFileType = sourcecode.swift; path = Communicator.swift; sourceTree = "<group>"; };
		BC8F7E0A2A37FFBD008E97B2 /* DoubleCommunicator.swift */ = {isa = PBXFileReference; fileEncoding = 4; lastKnownFileType = sourcecode.swift; path = DoubleCommunicator.swift; sourceTree = "<group>"; };
		BC8F7E0C2A37FFBD008E97B2 /* VoiceConfigurationView.swift */ = {isa = PBXFileReference; fileEncoding = 4; lastKnownFileType = sourcecode.swift; path = VoiceConfigurationView.swift; sourceTree = "<group>"; };
		BC8F7E0F2A37FFBD008E97B2 /* PictogramViewModel.swift */ = {isa = PBXFileReference; fileEncoding = 4; lastKnownFileType = sourcecode.swift; path = PictogramViewModel.swift; sourceTree = "<group>"; };
		BC8F7E102A37FFBD008E97B2 /* CategoryViewModel.swift */ = {isa = PBXFileReference; fileEncoding = 4; lastKnownFileType = sourcecode.swift; path = CategoryViewModel.swift; sourceTree = "<group>"; };
		BC8F7E122A37FFBD008E97B2 /* ColorPickerView.swift */ = {isa = PBXFileReference; fileEncoding = 4; lastKnownFileType = sourcecode.swift; path = ColorPickerView.swift; sourceTree = "<group>"; };
		BC8F7E132A37FFBD008E97B2 /* TextFieldView.swift */ = {isa = PBXFileReference; fileEncoding = 4; lastKnownFileType = sourcecode.swift; path = TextFieldView.swift; sourceTree = "<group>"; };
		BC8F7E142A37FFBD008E97B2 /* SearchBarView.swift */ = {isa = PBXFileReference; fileEncoding = 4; lastKnownFileType = sourcecode.swift; path = SearchBarView.swift; sourceTree = "<group>"; };
		BC8F7E152A37FFBD008E97B2 /* XOverCircleView.swift */ = {isa = PBXFileReference; fileEncoding = 4; lastKnownFileType = sourcecode.swift; path = XOverCircleView.swift; sourceTree = "<group>"; };
		BC8F7E162A37FFBD008E97B2 /* ButtonView.swift */ = {isa = PBXFileReference; fileEncoding = 4; lastKnownFileType = sourcecode.swift; path = ButtonView.swift; sourceTree = "<group>"; };
		BC8F7E182A37FFBD008E97B2 /* PictogramEditor.swift */ = {isa = PBXFileReference; fileEncoding = 4; lastKnownFileType = sourcecode.swift; path = PictogramEditor.swift; sourceTree = "<group>"; };
		BC8F7E1A2A37FFBD008E97B2 /* CategoryModel.swift */ = {isa = PBXFileReference; fileEncoding = 4; lastKnownFileType = sourcecode.swift; path = CategoryModel.swift; sourceTree = "<group>"; };
		BC8F7E1B2A37FFBD008E97B2 /* PictogramModel.swift */ = {isa = PBXFileReference; fileEncoding = 4; lastKnownFileType = sourcecode.swift; path = PictogramModel.swift; sourceTree = "<group>"; };
		BC8F7E1D2A37FFBD008E97B2 /* CustomAlert.swift */ = {isa = PBXFileReference; fileEncoding = 4; lastKnownFileType = sourcecode.swift; path = CustomAlert.swift; sourceTree = "<group>"; };
		BC8F7E1F2A37FFBD008E97B2 /* ColorMaker.swift */ = {isa = PBXFileReference; fileEncoding = 4; lastKnownFileType = sourcecode.swift; path = ColorMaker.swift; sourceTree = "<group>"; };
		BC8F7E202A37FFBD008E97B2 /* SortedArray.swift */ = {isa = PBXFileReference; fileEncoding = 4; lastKnownFileType = sourcecode.swift; path = SortedArray.swift; sourceTree = "<group>"; };
		BC8F7E222A37FFBD008E97B2 /* PictogramView.swift */ = {isa = PBXFileReference; fileEncoding = 4; lastKnownFileType = sourcecode.swift; path = PictogramView.swift; sourceTree = "<group>"; };
		BC8F7E232A37FFBD008E97B2 /* CategoryPickerView.swift */ = {isa = PBXFileReference; fileEncoding = 4; lastKnownFileType = sourcecode.swift; path = CategoryPickerView.swift; sourceTree = "<group>"; };
		BC8F7E242A37FFBD008E97B2 /* DropDownCategoryPicker.swift */ = {isa = PBXFileReference; fileEncoding = 4; lastKnownFileType = sourcecode.swift; path = DropDownCategoryPicker.swift; sourceTree = "<group>"; };
		BC8F7E252A37FFBD008E97B2 /* PictogramGridView.swift */ = {isa = PBXFileReference; fileEncoding = 4; lastKnownFileType = sourcecode.swift; path = PictogramGridView.swift; sourceTree = "<group>"; };
		BC8F7E262A37FFBD008E97B2 /* PictogramEditorWindowView.swift */ = {isa = PBXFileReference; fileEncoding = 4; lastKnownFileType = sourcecode.swift; path = PictogramEditorWindowView.swift; sourceTree = "<group>"; };
		BC8F7E272A37FFBD008E97B2 /* CategoryEditorWindowView.swift */ = {isa = PBXFileReference; fileEncoding = 4; lastKnownFileType = sourcecode.swift; path = CategoryEditorWindowView.swift; sourceTree = "<group>"; };
		BC8F7E2A2A37FFBD008E97B2 /* PageViewModel.swift */ = {isa = PBXFileReference; fileEncoding = 4; lastKnownFileType = sourcecode.swift; path = PageViewModel.swift; sourceTree = "<group>"; };
		BC8F7E2C2A37FFBD008E97B2 /* Album.swift */ = {isa = PBXFileReference; fileEncoding = 4; lastKnownFileType = sourcecode.swift; path = Album.swift; sourceTree = "<group>"; };
		BC8F7E2E2A37FFBD008E97B2 /* PageModel.swift */ = {isa = PBXFileReference; fileEncoding = 4; lastKnownFileType = sourcecode.swift; path = PageModel.swift; sourceTree = "<group>"; };
		BC8FE0A02A736A8100BE7ABC /* BoardCache.swift */ = {isa = PBXFileReference; lastKnownFileType = sourcecode.swift; path = BoardCache.swift; sourceTree = "<group>"; };
		BCB1B7082A42BA6E00C01B15 /* PageThumbnail.swift */ = {isa = PBXFileReference; lastKnownFileType = sourcecode.swift; path = PageThumbnail.swift; sourceTree = "<group>"; };
		BCB1B70A2A42BA7600C01B15 /* PageDisplay.swift */ = {isa = PBXFileReference; lastKnownFileType = sourcecode.swift; path = PageDisplay.swift; sourceTree = "<group>"; };
		BCB1B70C2A42BB3100C01B15 /* PageEdit.swift */ = {isa = PBXFileReference; lastKnownFileType = sourcecode.swift; path = PageEdit.swift; sourceTree = "<group>"; };
		BCB1B70E2A42BB6A00C01B15 /* PageBoardView.swift */ = {isa = PBXFileReference; lastKnownFileType = sourcecode.swift; path = PageBoardView.swift; sourceTree = "<group>"; };
		BCB1B7102A42BBD100C01B15 /* PictogramPickerView.swift */ = {isa = PBXFileReference; lastKnownFileType = sourcecode.swift; path = PictogramPickerView.swift; sourceTree = "<group>"; };
		BCBC2F3C2A39A23F009CFD1C /* ButtonWithImageView.swift */ = {isa = PBXFileReference; lastKnownFileType = sourcecode.swift; path = ButtonWithImageView.swift; sourceTree = "<group>"; };
		BCD0B7852A4553C000E83CA6 /* EditPictogramHolderView.swift */ = {isa = PBXFileReference; lastKnownFileType = sourcecode.swift; path = EditPictogramHolderView.swift; sourceTree = "<group>"; };
		BCD0B7872A45557000E83CA6 /* DisplayPictogramHolderView.swift */ = {isa = PBXFileReference; lastKnownFileType = sourcecode.swift; path = DisplayPictogramHolderView.swift; sourceTree = "<group>"; };
		BCD0B7892A457BDD00E83CA6 /* PictogramPlaceholderView.swift */ = {isa = PBXFileReference; lastKnownFileType = sourcecode.swift; path = PictogramPlaceholderView.swift; sourceTree = "<group>"; };
		BCD0B78B2A45878E00E83CA6 /* DoublePictogramPickerView.swift */ = {isa = PBXFileReference; lastKnownFileType = sourcecode.swift; path = DoublePictogramPickerView.swift; sourceTree = "<group>"; };
		BCDB34C32A4933070011562C /* PictogramScaleModifierView.swift */ = {isa = PBXFileReference; lastKnownFileType = sourcecode.swift; path = PictogramScaleModifierView.swift; sourceTree = "<group>"; };
		C2207EFD2A1C04A500F31578 /* AddPatientView.swift */ = {isa = PBXFileReference; lastKnownFileType = sourcecode.swift; path = AddPatientView.swift; sourceTree = "<group>"; };
		C2207EFF2A1F1AF300F31578 /* Note.swift */ = {isa = PBXFileReference; lastKnownFileType = sourcecode.swift; path = Note.swift; sourceTree = "<group>"; };
		C2207F012A1F1B7E00F31578 /* NotesViewModel.swift */ = {isa = PBXFileReference; lastKnownFileType = sourcecode.swift; path = NotesViewModel.swift; sourceTree = "<group>"; };
		C2207F032A206B4900F31578 /* AddNoteView.swift */ = {isa = PBXFileReference; lastKnownFileType = sourcecode.swift; path = AddNoteView.swift; sourceTree = "<group>"; };
		C2207F052A2162E600F31578 /* EditPatientView.swift */ = {isa = PBXFileReference; lastKnownFileType = sourcecode.swift; path = EditPatientView.swift; sourceTree = "<group>"; };
		C2207F072A252D2800F31578 /* DeletePatientView.swift */ = {isa = PBXFileReference; lastKnownFileType = sourcecode.swift; path = DeletePatientView.swift; sourceTree = "<group>"; };
		C2207F0D2A268C5A00F31578 /* EditNoteView.swift */ = {isa = PBXFileReference; lastKnownFileType = sourcecode.swift; path = EditNoteView.swift; sourceTree = "<group>"; };
		C22A9A672A9432790087AF1F /* HelpersStringValidation.swift */ = {isa = PBXFileReference; lastKnownFileType = sourcecode.swift; path = HelpersStringValidation.swift; sourceTree = "<group>"; };
		C22ECD442A33E32200DF8A06 /* CommunicatorMenuView.swift */ = {isa = PBXFileReference; lastKnownFileType = sourcecode.swift; path = CommunicatorMenuView.swift; sourceTree = "<group>"; };
		C235FDAC2A18106E005412A7 /* AdminView.swift */ = {isa = PBXFileReference; lastKnownFileType = sourcecode.swift; path = AdminView.swift; sourceTree = "<group>"; };
		C235FDAE2A181080005412A7 /* PatientView.swift */ = {isa = PBXFileReference; lastKnownFileType = sourcecode.swift; path = PatientView.swift; sourceTree = "<group>"; };
		C235FDB02A1810C3005412A7 /* PatientsViewModel.swift */ = {isa = PBXFileReference; lastKnownFileType = sourcecode.swift; path = PatientsViewModel.swift; sourceTree = "<group>"; };
		C235FDB22A1810EB005412A7 /* Patient.swift */ = {isa = PBXFileReference; lastKnownFileType = sourcecode.swift; path = Patient.swift; sourceTree = "<group>"; };
		C250AFC62A174B5F008F5699 /* AuthView.swift */ = {isa = PBXFileReference; lastKnownFileType = sourcecode.swift; path = AuthView.swift; sourceTree = "<group>"; };
		C29428052A15B3C500E814C9 /* AuthenticationFirebaseDataSource.swift */ = {isa = PBXFileReference; lastKnownFileType = sourcecode.swift; path = AuthenticationFirebaseDataSource.swift; sourceTree = "<group>"; };
		C29428072A15B85500E814C9 /* ContentView.swift */ = {isa = PBXFileReference; lastKnownFileType = sourcecode.swift; path = ContentView.swift; sourceTree = "<group>"; };
		C2A8CAB22A0D9F540026DB96 /* nuevoamanecer.app */ = {isa = PBXFileReference; explicitFileType = wrapper.application; includeInIndex = 0; path = nuevoamanecer.app; sourceTree = BUILT_PRODUCTS_DIR; };
		C2A8CAB52A0D9F540026DB96 /* nuevoamanecerApp.swift */ = {isa = PBXFileReference; lastKnownFileType = sourcecode.swift; path = nuevoamanecerApp.swift; sourceTree = "<group>"; };
		C2A8CAB92A0D9F580026DB96 /* Assets.xcassets */ = {isa = PBXFileReference; lastKnownFileType = folder.assetcatalog; path = Assets.xcassets; sourceTree = "<group>"; };
		C2A8CABC2A0D9F580026DB96 /* Preview Assets.xcassets */ = {isa = PBXFileReference; lastKnownFileType = folder.assetcatalog; path = "Preview Assets.xcassets"; sourceTree = "<group>"; };
		C2BEDB052A0DA77A005398F9 /* GoogleService-Info.plist */ = {isa = PBXFileReference; fileEncoding = 4; lastKnownFileType = text.plist.xml; path = "GoogleService-Info.plist"; sourceTree = "<group>"; };
		C2BEDB0B2A1410AC005398F9 /* DismissView.swift */ = {isa = PBXFileReference; lastKnownFileType = sourcecode.swift; path = DismissView.swift; sourceTree = "<group>"; };
		C2BEDB622A157B12005398F9 /* LoginView.swift */ = {isa = PBXFileReference; lastKnownFileType = sourcecode.swift; path = LoginView.swift; sourceTree = "<group>"; };
		C2BEDB642A157B22005398F9 /* RegisterView.swift */ = {isa = PBXFileReference; lastKnownFileType = sourcecode.swift; path = RegisterView.swift; sourceTree = "<group>"; };
		C2BEDB662A157B72005398F9 /* User.swift */ = {isa = PBXFileReference; lastKnownFileType = sourcecode.swift; path = User.swift; sourceTree = "<group>"; };
		C2BEDB6C2A15867D005398F9 /* AuthViewModel.swift */ = {isa = PBXFileReference; lastKnownFileType = sourcecode.swift; path = AuthViewModel.swift; sourceTree = "<group>"; };
		C2CF66862A2E8AAE005A7338 /* AdminNav.swift */ = {isa = PBXFileReference; lastKnownFileType = sourcecode.swift; path = AdminNav.swift; sourceTree = "<group>"; };
		C2CF668C2A2FE308005A7338 /* AdminMenuView.swift */ = {isa = PBXFileReference; lastKnownFileType = sourcecode.swift; path = AdminMenuView.swift; sourceTree = "<group>"; };
		C2CF668E2A302982005A7338 /* PatientCardView.swift */ = {isa = PBXFileReference; lastKnownFileType = sourcecode.swift; path = PatientCardView.swift; sourceTree = "<group>"; };
		C2CF66902A302A7F005A7338 /* NoteCardView.swift */ = {isa = PBXFileReference; lastKnownFileType = sourcecode.swift; path = NoteCardView.swift; sourceTree = "<group>"; };
/* End PBXFileReference section */

/* Begin PBXFrameworksBuildPhase section */
		C2A8CAAF2A0D9F540026DB96 /* Frameworks */ = {
			isa = PBXFrameworksBuildPhase;
			buildActionMask = 2147483647;
			files = (
				A9CEFE7A2A2A9B1900BD6E58 /* SDWebImageSwiftUI in Frameworks */,
				C2BEDB022A0DA53B005398F9 /* FirebaseAnalyticsSwift in Frameworks */,
				C29428022A15A8F000E814C9 /* FirebaseFirestore in Frameworks */,
				C2BEDB0F2A141262005398F9 /* FirebaseAuth in Frameworks */,
				C2BEDB002A0DA53B005398F9 /* FirebaseAnalytics in Frameworks */,
				C2207EFC2A184E3000F31578 /* Kingfisher in Frameworks */,
				A9594A132A28438B0063C0D7 /* FirebaseStorage in Frameworks */,
				C22ECD482A380C4600DF8A06 /* FirebaseFirestoreSwift in Frameworks */,
			);
			runOnlyForDeploymentPostprocessing = 0;
		};
/* End PBXFrameworksBuildPhase section */

/* Begin PBXGroup section */
		BC014F0E2A9180090002140A /* MiscStructures */ = {
			isa = PBXGroup;
			children = (
				BC014F0F2A91801F0002140A /* AppLock.swift */,
			);
			path = MiscStructures;
			sourceTree = "<group>";
		};
		BC1132502A9546550080F294 /* MiscStructures */ = {
			isa = PBXGroup;
			children = (
				BC1132512A95466C0080F294 /* NavigationPathWrapper.swift */,
			);
			path = MiscStructures;
			sourceTree = "<group>";
		};
		BC8F7DFF2A37FFBD008E97B2 /* PictogramSection */ = {
			isa = PBXGroup;
			children = (
				BC8F7E032A37FFBD008E97B2 /* Communicator */,
				BC8F7E0D2A37FFBD008E97B2 /* PictogramEditor */,
				BC8F7E282A37FFBD008E97B2 /* Album */,
			);
			path = PictogramSection;
			sourceTree = "<group>";
		};
		BC8F7E002A37FFBD008E97B2 /* ImageHandling */ = {
			isa = PBXGroup;
			children = (
				BC8F7E012A37FFBD008E97B2 /* ImagePicker.swift */,
				BC8F7E022A37FFBD008E97B2 /* FirebaseStorage.swift */,
			);
			path = ImageHandling;
			sourceTree = "<group>";
		};
		BC8F7E032A37FFBD008E97B2 /* Communicator */ = {
			isa = PBXGroup;
			children = (
				BC014F0E2A9180090002140A /* MiscStructures */,
				BC8F7E042A37FFBD008E97B2 /* GenericViews */,
				BC8F7E072A37FFBD008E97B2 /* MainViews */,
				BC8F7E0B2A37FFBD008E97B2 /* Views */,
			);
			path = Communicator;
			sourceTree = "<group>";
		};
		BC8F7E042A37FFBD008E97B2 /* GenericViews */ = {
			isa = PBXGroup;
			children = (
				BC8F7E052A37FFBD008E97B2 /* LockView.swift */,
				BC8F7E062A37FFBD008E97B2 /* SwitchView.swift */,
			);
			path = GenericViews;
			sourceTree = "<group>";
		};
		BC8F7E072A37FFBD008E97B2 /* MainViews */ = {
			isa = PBXGroup;
			children = (
				BC8F7E082A37FFBD008E97B2 /* SingleCommunicator.swift */,
				BC8F7E092A37FFBD008E97B2 /* Communicator.swift */,
				BC8F7E0A2A37FFBD008E97B2 /* DoubleCommunicator.swift */,
			);
			path = MainViews;
			sourceTree = "<group>";
		};
		BC8F7E0B2A37FFBD008E97B2 /* Views */ = {
			isa = PBXGroup;
			children = (
				BC8F7E0C2A37FFBD008E97B2 /* VoiceConfigurationView.swift */,
			);
			path = Views;
			sourceTree = "<group>";
		};
		BC8F7E0D2A37FFBD008E97B2 /* PictogramEditor */ = {
			isa = PBXGroup;
			children = (
				BC8F7E0E2A37FFBD008E97B2 /* ViewModels */,
				BC8F7E112A37FFBD008E97B2 /* GenericViews */,
				BC8F7E172A37FFBD008E97B2 /* MainViews */,
				BC8F7E192A37FFBD008E97B2 /* Models */,
				BC8F7E1C2A37FFBD008E97B2 /* MiscModifiers */,
				BC8F7E1E2A37FFBD008E97B2 /* MiscStructures */,
				BC8F7E212A37FFBD008E97B2 /* Views */,
			);
			path = PictogramEditor;
			sourceTree = "<group>";
		};
		BC8F7E0E2A37FFBD008E97B2 /* ViewModels */ = {
			isa = PBXGroup;
			children = (
				BC8F7E0F2A37FFBD008E97B2 /* PictogramViewModel.swift */,
				BC8F7E102A37FFBD008E97B2 /* CategoryViewModel.swift */,
			);
			path = ViewModels;
			sourceTree = "<group>";
		};
		BC8F7E112A37FFBD008E97B2 /* GenericViews */ = {
			isa = PBXGroup;
			children = (
				BC8F7E122A37FFBD008E97B2 /* ColorPickerView.swift */,
				BC8F7E132A37FFBD008E97B2 /* TextFieldView.swift */,
				BC8F7E142A37FFBD008E97B2 /* SearchBarView.swift */,
				BC8F7E152A37FFBD008E97B2 /* XOverCircleView.swift */,
				BC8F7E162A37FFBD008E97B2 /* ButtonView.swift */,
				BCBC2F3C2A39A23F009CFD1C /* ButtonWithImageView.swift */,
			);
			path = GenericViews;
			sourceTree = "<group>";
		};
		BC8F7E172A37FFBD008E97B2 /* MainViews */ = {
			isa = PBXGroup;
			children = (
				BC8F7E182A37FFBD008E97B2 /* PictogramEditor.swift */,
			);
			path = MainViews;
			sourceTree = "<group>";
		};
		BC8F7E192A37FFBD008E97B2 /* Models */ = {
			isa = PBXGroup;
			children = (
				BC8F7E1A2A37FFBD008E97B2 /* CategoryModel.swift */,
				BC8F7E1B2A37FFBD008E97B2 /* PictogramModel.swift */,
			);
			path = Models;
			sourceTree = "<group>";
		};
		BC8F7E1C2A37FFBD008E97B2 /* MiscModifiers */ = {
			isa = PBXGroup;
			children = (
				BC8F7E1D2A37FFBD008E97B2 /* CustomAlert.swift */,
				BC553CAD2A3A7120002A2EA2 /* CustomConfirmAlert.swift */,
				BC014F112A9192DD0002140A /* ScrollOffset.swift */,
			);
			path = MiscModifiers;
			sourceTree = "<group>";
		};
		BC8F7E1E2A37FFBD008E97B2 /* MiscStructures */ = {
			isa = PBXGroup;
			children = (
				BC8F7E1F2A37FFBD008E97B2 /* ColorMaker.swift */,
				BC8F7E202A37FFBD008E97B2 /* SortedArray.swift */,
			);
			path = MiscStructures;
			sourceTree = "<group>";
		};
		BC8F7E212A37FFBD008E97B2 /* Views */ = {
			isa = PBXGroup;
			children = (
				BC8F7E222A37FFBD008E97B2 /* PictogramView.swift */,
				BC8F7E232A37FFBD008E97B2 /* CategoryPickerView.swift */,
				BC8F7E242A37FFBD008E97B2 /* DropDownCategoryPicker.swift */,
				BC8F7E252A37FFBD008E97B2 /* PictogramGridView.swift */,
				BC8F7E262A37FFBD008E97B2 /* PictogramEditorWindowView.swift */,
				BC8F7E272A37FFBD008E97B2 /* CategoryEditorWindowView.swift */,
			);
			path = Views;
			sourceTree = "<group>";
		};
		BC8F7E282A37FFBD008E97B2 /* Album */ = {
			isa = PBXGroup;
			children = (
				BCB1B7032A428AF900C01B15 /* Views */,
				BC8F7E292A37FFBD008E97B2 /* ViewModels */,
				BC8F7E2B2A37FFBD008E97B2 /* MainViews */,
				BC8F7E2D2A37FFBD008E97B2 /* Models */,
			);
			path = Album;
			sourceTree = "<group>";
		};
		BC8F7E292A37FFBD008E97B2 /* ViewModels */ = {
			isa = PBXGroup;
			children = (
				BC8F7E2A2A37FFBD008E97B2 /* PageViewModel.swift */,
				BC8FE0A02A736A8100BE7ABC /* BoardCache.swift */,
			);
			path = ViewModels;
			sourceTree = "<group>";
		};
		BC8F7E2B2A37FFBD008E97B2 /* MainViews */ = {
			isa = PBXGroup;
			children = (
				BCB1B70C2A42BB3100C01B15 /* PageEdit.swift */,
				BCB1B70A2A42BA7600C01B15 /* PageDisplay.swift */,
				BCB1B7082A42BA6E00C01B15 /* PageThumbnail.swift */,
				BC8F7E2C2A37FFBD008E97B2 /* Album.swift */,
			);
			path = MainViews;
			sourceTree = "<group>";
		};
		BC8F7E2D2A37FFBD008E97B2 /* Models */ = {
			isa = PBXGroup;
			children = (
				BC8F7E2E2A37FFBD008E97B2 /* PageModel.swift */,
			);
			path = Models;
			sourceTree = "<group>";
		};
		BCB1B7032A428AF900C01B15 /* Views */ = {
			isa = PBXGroup;
			children = (
				BCB1B70E2A42BB6A00C01B15 /* PageBoardView.swift */,
				BCB1B7102A42BBD100C01B15 /* PictogramPickerView.swift */,
				BCD0B7852A4553C000E83CA6 /* EditPictogramHolderView.swift */,
				BCD0B7872A45557000E83CA6 /* DisplayPictogramHolderView.swift */,
				BCD0B7892A457BDD00E83CA6 /* PictogramPlaceholderView.swift */,
				BCD0B78B2A45878E00E83CA6 /* DoublePictogramPickerView.swift */,
				BCDB34C32A4933070011562C /* PictogramScaleModifierView.swift */,
				BC2AF1DE2A6B9993002A822C /* PageOptionsView.swift */,
			);
			path = Views;
			sourceTree = "<group>";
		};
		C22A9A692A94356C0087AF1F /* Helpers */ = {
			isa = PBXGroup;
			children = (
				C22A9A672A9432790087AF1F /* HelpersStringValidation.swift */,
			);
			path = Helpers;
			sourceTree = "<group>";
		};
		C22ECD3D2A33C3D900DF8A06 /* Admin */ = {
			isa = PBXGroup;
			children = (
				C22ECD3F2A33C3F300DF8A06 /* PatientProfile */,
				C22ECD3E2A33C3E500DF8A06 /* AdminDashboard */,
			);
			path = Admin;
			sourceTree = "<group>";
		};
		C22ECD3E2A33C3E500DF8A06 /* AdminDashboard */ = {
			isa = PBXGroup;
			children = (
				C2CF668C2A2FE308005A7338 /* AdminMenuView.swift */,
				C2207EFD2A1C04A500F31578 /* AddPatientView.swift */,
				C2CF668E2A302982005A7338 /* PatientCardView.swift */,
				C235FDAC2A18106E005412A7 /* AdminView.swift */,
			);
			path = AdminDashboard;
			sourceTree = "<group>";
		};
		C22ECD3F2A33C3F300DF8A06 /* PatientProfile */ = {
			isa = PBXGroup;
			children = (
				C2207F032A206B4900F31578 /* AddNoteView.swift */,
				C2207F0D2A268C5A00F31578 /* EditNoteView.swift */,
				C2CF66902A302A7F005A7338 /* NoteCardView.swift */,
				C2207F052A2162E600F31578 /* EditPatientView.swift */,
				C2207F072A252D2800F31578 /* DeletePatientView.swift */,
				C235FDAE2A181080005412A7 /* PatientView.swift */,
			);
			path = PatientProfile;
			sourceTree = "<group>";
		};
		C22ECD462A37B7A300DF8A06 /* Admin */ = {
			isa = PBXGroup;
			children = (
				BC1132502A9546550080F294 /* MiscStructures */,
				C22A9A692A94356C0087AF1F /* Helpers */,
				C2BEDB602A157A93005398F9 /* ViewModel */,
				C2BEDB5F2A157A8D005398F9 /* View */,
				C2BEDB5E2A157A84005398F9 /* Model */,
				C2BEDB0B2A1410AC005398F9 /* DismissView.swift */,
			);
			path = Admin;
			sourceTree = "<group>";
		};
		C29428042A15B3B100E814C9 /* Data */ = {
			isa = PBXGroup;
			children = (
				C29428052A15B3C500E814C9 /* AuthenticationFirebaseDataSource.swift */,
				A9594A102A2842DC0063C0D7 /* FirebaseStorage_BACKUP.swift */,
			);
			path = Data;
			sourceTree = "<group>";
		};
		C2A8CAA92A0D9F540026DB96 = {
			isa = PBXGroup;
			children = (
				C2A8CAB42A0D9F540026DB96 /* nuevoamanecer */,
				C2A8CAB32A0D9F540026DB96 /* Products */,
				C2BEDB0D2A141262005398F9 /* Frameworks */,
			);
			sourceTree = "<group>";
		};
		C2A8CAB32A0D9F540026DB96 /* Products */ = {
			isa = PBXGroup;
			children = (
				C2A8CAB22A0D9F540026DB96 /* nuevoamanecer.app */,
			);
			name = Products;
			sourceTree = "<group>";
		};
		C2A8CAB42A0D9F540026DB96 /* nuevoamanecer */ = {
			isa = PBXGroup;
			children = (
				C29428042A15B3B100E814C9 /* Data */,
				BC8F7E002A37FFBD008E97B2 /* ImageHandling */,
				C2A8CAB52A0D9F540026DB96 /* nuevoamanecerApp.swift */,
				C29428072A15B85500E814C9 /* ContentView.swift */,
				BC8F7DFF2A37FFBD008E97B2 /* PictogramSection */,
				C22ECD462A37B7A300DF8A06 /* Admin */,
				C2BEDB052A0DA77A005398F9 /* GoogleService-Info.plist */,
				C2A8CAB92A0D9F580026DB96 /* Assets.xcassets */,
				C2A8CABB2A0D9F580026DB96 /* Preview Content */,
			);
			path = nuevoamanecer;
			sourceTree = "<group>";
		};
		C2A8CABB2A0D9F580026DB96 /* Preview Content */ = {
			isa = PBXGroup;
			children = (
				C2A8CABC2A0D9F580026DB96 /* Preview Assets.xcassets */,
			);
			path = "Preview Content";
			sourceTree = "<group>";
		};
		C2BEDB0D2A141262005398F9 /* Frameworks */ = {
			isa = PBXGroup;
			children = (
			);
			name = Frameworks;
			sourceTree = "<group>";
		};
		C2BEDB5E2A157A84005398F9 /* Model */ = {
			isa = PBXGroup;
			children = (
				C235FDB22A1810EB005412A7 /* Patient.swift */,
				C2BEDB662A157B72005398F9 /* User.swift */,
				C2207EFF2A1F1AF300F31578 /* Note.swift */,
			);
			path = Model;
			sourceTree = "<group>";
		};
		C2BEDB5F2A157A8D005398F9 /* View */ = {
			isa = PBXGroup;
			children = (
				C22ECD3D2A33C3D900DF8A06 /* Admin */,
				C2CF66852A2E8A7F005A7338 /* Layout */,
				C2BEDB612A157AF5005398F9 /* Authentication */,
				A9594A0E2A2842BF0063C0D7 /* ImagePicker_BACKUP.swift */,
				C22ECD442A33E32200DF8A06 /* CommunicatorMenuView.swift */,
			);
			path = View;
			sourceTree = "<group>";
		};
		C2BEDB602A157A93005398F9 /* ViewModel */ = {
			isa = PBXGroup;
			children = (
				C2BEDB6C2A15867D005398F9 /* AuthViewModel.swift */,
				C235FDB02A1810C3005412A7 /* PatientsViewModel.swift */,
				C2207F012A1F1B7E00F31578 /* NotesViewModel.swift */,
			);
			path = ViewModel;
			sourceTree = "<group>";
		};
		C2BEDB612A157AF5005398F9 /* Authentication */ = {
			isa = PBXGroup;
			children = (
				C2BEDB622A157B12005398F9 /* LoginView.swift */,
				C2BEDB642A157B22005398F9 /* RegisterView.swift */,
				C250AFC62A174B5F008F5699 /* AuthView.swift */,
			);
			path = Authentication;
			sourceTree = "<group>";
		};
		C2CF66852A2E8A7F005A7338 /* Layout */ = {
			isa = PBXGroup;
			children = (
				C2CF66862A2E8AAE005A7338 /* AdminNav.swift */,
			);
			path = Layout;
			sourceTree = "<group>";
		};
/* End PBXGroup section */

/* Begin PBXNativeTarget section */
		C2A8CAB12A0D9F540026DB96 /* nuevoamanecer */ = {
			isa = PBXNativeTarget;
			buildConfigurationList = C2A8CAC02A0D9F580026DB96 /* Build configuration list for PBXNativeTarget "nuevoamanecer" */;
			buildPhases = (
				C2A8CAAE2A0D9F540026DB96 /* Sources */,
				C2A8CAAF2A0D9F540026DB96 /* Frameworks */,
				C2A8CAB02A0D9F540026DB96 /* Resources */,
			);
			buildRules = (
			);
			dependencies = (
			);
			name = nuevoamanecer;
			packageProductDependencies = (
				C2BEDAFF2A0DA53B005398F9 /* FirebaseAnalytics */,
				C2BEDB012A0DA53B005398F9 /* FirebaseAnalyticsSwift */,
				C2BEDB0E2A141262005398F9 /* FirebaseAuth */,
				C29428012A15A8F000E814C9 /* FirebaseFirestore */,
				C2207EFB2A184E3000F31578 /* Kingfisher */,
				A9594A122A28438B0063C0D7 /* FirebaseStorage */,
				A9CEFE792A2A9B1900BD6E58 /* SDWebImageSwiftUI */,
				C22ECD472A380C4600DF8A06 /* FirebaseFirestoreSwift */,
			);
			productName = nuevoamanecer;
			productReference = C2A8CAB22A0D9F540026DB96 /* nuevoamanecer.app */;
			productType = "com.apple.product-type.application";
		};
/* End PBXNativeTarget section */

/* Begin PBXProject section */
		C2A8CAAA2A0D9F540026DB96 /* Project object */ = {
			isa = PBXProject;
			attributes = {
				BuildIndependentTargetsInParallel = 1;
				LastSwiftUpdateCheck = 1430;
				LastUpgradeCheck = 1430;
				TargetAttributes = {
					C2A8CAB12A0D9F540026DB96 = {
						CreatedOnToolsVersion = 14.3;
					};
				};
			};
			buildConfigurationList = C2A8CAAD2A0D9F540026DB96 /* Build configuration list for PBXProject "nuevoamanecer" */;
			compatibilityVersion = "Xcode 14.0";
			developmentRegion = en;
			hasScannedForEncodings = 0;
			knownRegions = (
				en,
				Base,
			);
			mainGroup = C2A8CAA92A0D9F540026DB96;
			packageReferences = (
				C2BEDAFE2A0DA53B005398F9 /* XCRemoteSwiftPackageReference "firebase-ios-sdk" */,
				C2207EFA2A184E3000F31578 /* XCRemoteSwiftPackageReference "Kingfisher" */,
				A9CEFE782A2A9B1900BD6E58 /* XCRemoteSwiftPackageReference "SDWebImageSwiftUI" */,
			);
			productRefGroup = C2A8CAB32A0D9F540026DB96 /* Products */;
			projectDirPath = "";
			projectRoot = "";
			targets = (
				C2A8CAB12A0D9F540026DB96 /* nuevoamanecer */,
			);
		};
/* End PBXProject section */

/* Begin PBXResourcesBuildPhase section */
		C2A8CAB02A0D9F540026DB96 /* Resources */ = {
			isa = PBXResourcesBuildPhase;
			buildActionMask = 2147483647;
			files = (
				C2A8CABD2A0D9F580026DB96 /* Preview Assets.xcassets in Resources */,
				C2A8CABA2A0D9F580026DB96 /* Assets.xcassets in Resources */,
				C2BEDB062A0DA77A005398F9 /* GoogleService-Info.plist in Resources */,
			);
			runOnlyForDeploymentPostprocessing = 0;
		};
/* End PBXResourcesBuildPhase section */

/* Begin PBXSourcesBuildPhase section */
		C2A8CAAE2A0D9F540026DB96 /* Sources */ = {
			isa = PBXSourcesBuildPhase;
			buildActionMask = 2147483647;
			files = (
				BCB1B7092A42BA6E00C01B15 /* PageThumbnail.swift in Sources */,
				BC1132522A95466C0080F294 /* NavigationPathWrapper.swift in Sources */,
				BC8F7E4A2A37FFBD008E97B2 /* PageViewModel.swift in Sources */,
				BC8F7E342A37FFBD008E97B2 /* Communicator.swift in Sources */,
				BC8F7E442A37FFBD008E97B2 /* PictogramView.swift in Sources */,
				BCD0B78A2A457BDD00E83CA6 /* PictogramPlaceholderView.swift in Sources */,
				C235FDAF2A181080005412A7 /* PatientView.swift in Sources */,
				BC8F7E3C2A37FFBD008E97B2 /* XOverCircleView.swift in Sources */,
				BC8F7E422A37FFBD008E97B2 /* ColorMaker.swift in Sources */,
				BC8F7E472A37FFBD008E97B2 /* PictogramGridView.swift in Sources */,
				BC8F7E412A37FFBD008E97B2 /* CustomAlert.swift in Sources */,
				C2BEDB652A157B22005398F9 /* RegisterView.swift in Sources */,
				BCB1B70D2A42BB3100C01B15 /* PageEdit.swift in Sources */,
				BC8F7E362A37FFBD008E97B2 /* VoiceConfigurationView.swift in Sources */,
				C2207F022A1F1B7F00F31578 /* NotesViewModel.swift in Sources */,
				BC8FE0A12A736A8100BE7ABC /* BoardCache.swift in Sources */,
				C2CF66912A302A7F005A7338 /* NoteCardView.swift in Sources */,
				BC2AF1DF2A6B9993002A822C /* PageOptionsView.swift in Sources */,
				BCD0B7882A45557000E83CA6 /* DisplayPictogramHolderView.swift in Sources */,
				BCD0B78C2A45878E00E83CA6 /* DoublePictogramPickerView.swift in Sources */,
				A9594A112A2842DC0063C0D7 /* FirebaseStorage_BACKUP.swift in Sources */,
				C235FDAD2A18106E005412A7 /* AdminView.swift in Sources */,
				BC8F7E332A37FFBD008E97B2 /* SingleCommunicator.swift in Sources */,
				C29428062A15B3C500E814C9 /* AuthenticationFirebaseDataSource.swift in Sources */,
				BC8F7E392A37FFBD008E97B2 /* ColorPickerView.swift in Sources */,
				C2207F042A206B4900F31578 /* AddNoteView.swift in Sources */,
				BC8F7E492A37FFBD008E97B2 /* CategoryEditorWindowView.swift in Sources */,
				C2BEDB0C2A1410AC005398F9 /* DismissView.swift in Sources */,
				BCBC2F3D2A39A23F009CFD1C /* ButtonWithImageView.swift in Sources */,
				C2CF668D2A2FE308005A7338 /* AdminMenuView.swift in Sources */,
				BC8F7E452A37FFBD008E97B2 /* CategoryPickerView.swift in Sources */,
				BC8F7E372A37FFBD008E97B2 /* PictogramViewModel.swift in Sources */,
				C2A8CAB62A0D9F540026DB96 /* nuevoamanecerApp.swift in Sources */,
				C2207EFE2A1C04A500F31578 /* AddPatientView.swift in Sources */,
				C2207F062A2162E600F31578 /* EditPatientView.swift in Sources */,
				BC8F7E402A37FFBD008E97B2 /* PictogramModel.swift in Sources */,
				C29428082A15B85500E814C9 /* ContentView.swift in Sources */,
				BC8F7E3D2A37FFBD008E97B2 /* ButtonView.swift in Sources */,
				BCB1B70F2A42BB6A00C01B15 /* PageBoardView.swift in Sources */,
				C250AFC72A174B60008F5699 /* AuthView.swift in Sources */,
				BCB1B70B2A42BA7600C01B15 /* PageDisplay.swift in Sources */,
				BC8F7E3B2A37FFBD008E97B2 /* SearchBarView.swift in Sources */,
				C235FDB12A1810C3005412A7 /* PatientsViewModel.swift in Sources */,
				C2CF668F2A302982005A7338 /* PatientCardView.swift in Sources */,
				BC8F7E432A37FFBD008E97B2 /* SortedArray.swift in Sources */,
				BCD0B7862A4553C000E83CA6 /* EditPictogramHolderView.swift in Sources */,
				BC8F7E482A37FFBD008E97B2 /* PictogramEditorWindowView.swift in Sources */,
				BC553CAE2A3A7120002A2EA2 /* CustomConfirmAlert.swift in Sources */,
				BC8F7E322A37FFBD008E97B2 /* SwitchView.swift in Sources */,
				BC8F7E2F2A37FFBD008E97B2 /* ImagePicker.swift in Sources */,
				BCDB34C42A4933070011562C /* PictogramScaleModifierView.swift in Sources */,
				BC014F122A9192DD0002140A /* ScrollOffset.swift in Sources */,
				BCB1B7112A42BBD100C01B15 /* PictogramPickerView.swift in Sources */,
				C2207F002A1F1AF400F31578 /* Note.swift in Sources */,
				C2BEDB672A157B72005398F9 /* User.swift in Sources */,
				BC8F7E3F2A37FFBD008E97B2 /* CategoryModel.swift in Sources */,
				C235FDB32A1810EB005412A7 /* Patient.swift in Sources */,
				BC8F7E382A37FFBD008E97B2 /* CategoryViewModel.swift in Sources */,
				C2BEDB632A157B12005398F9 /* LoginView.swift in Sources */,
				BC8F7E3A2A37FFBD008E97B2 /* TextFieldView.swift in Sources */,
				BC014F102A91801F0002140A /* AppLock.swift in Sources */,
				C2BEDB6D2A15867D005398F9 /* AuthViewModel.swift in Sources */,
				BC8F7E312A37FFBD008E97B2 /* LockView.swift in Sources */,
				A9594A0F2A2842BF0063C0D7 /* ImagePicker_BACKUP.swift in Sources */,
				BC8F7E4B2A37FFBD008E97B2 /* Album.swift in Sources */,
				BC8F7E302A37FFBD008E97B2 /* FirebaseStorage.swift in Sources */,
				BC8F7E352A37FFBD008E97B2 /* DoubleCommunicator.swift in Sources */,
				C2207F0E2A268C5A00F31578 /* EditNoteView.swift in Sources */,
				C22A9A682A9432790087AF1F /* HelpersStringValidation.swift in Sources */,
				BC8F7E3E2A37FFBD008E97B2 /* PictogramEditor.swift in Sources */,
				BC8F7E4C2A37FFBD008E97B2 /* PageModel.swift in Sources */,
				C2207F082A252D2900F31578 /* DeletePatientView.swift in Sources */,
				C22ECD452A33E32200DF8A06 /* CommunicatorMenuView.swift in Sources */,
				C2CF66872A2E8AAE005A7338 /* AdminNav.swift in Sources */,
				BC8F7E462A37FFBD008E97B2 /* DropDownCategoryPicker.swift in Sources */,
			);
			runOnlyForDeploymentPostprocessing = 0;
		};
/* End PBXSourcesBuildPhase section */

/* Begin XCBuildConfiguration section */
		C2A8CABE2A0D9F580026DB96 /* Debug */ = {
			isa = XCBuildConfiguration;
			buildSettings = {
				ALWAYS_SEARCH_USER_PATHS = NO;
				CLANG_ANALYZER_NONNULL = YES;
				CLANG_ANALYZER_NUMBER_OBJECT_CONVERSION = YES_AGGRESSIVE;
				CLANG_CXX_LANGUAGE_STANDARD = "gnu++20";
				CLANG_ENABLE_MODULES = YES;
				CLANG_ENABLE_OBJC_ARC = YES;
				CLANG_ENABLE_OBJC_WEAK = YES;
				CLANG_WARN_BLOCK_CAPTURE_AUTORELEASING = YES;
				CLANG_WARN_BOOL_CONVERSION = YES;
				CLANG_WARN_COMMA = YES;
				CLANG_WARN_CONSTANT_CONVERSION = YES;
				CLANG_WARN_DEPRECATED_OBJC_IMPLEMENTATIONS = YES;
				CLANG_WARN_DIRECT_OBJC_ISA_USAGE = YES_ERROR;
				CLANG_WARN_DOCUMENTATION_COMMENTS = YES;
				CLANG_WARN_EMPTY_BODY = YES;
				CLANG_WARN_ENUM_CONVERSION = YES;
				CLANG_WARN_INFINITE_RECURSION = YES;
				CLANG_WARN_INT_CONVERSION = YES;
				CLANG_WARN_NON_LITERAL_NULL_CONVERSION = YES;
				CLANG_WARN_OBJC_IMPLICIT_RETAIN_SELF = YES;
				CLANG_WARN_OBJC_LITERAL_CONVERSION = YES;
				CLANG_WARN_OBJC_ROOT_CLASS = YES_ERROR;
				CLANG_WARN_QUOTED_INCLUDE_IN_FRAMEWORK_HEADER = YES;
				CLANG_WARN_RANGE_LOOP_ANALYSIS = YES;
				CLANG_WARN_STRICT_PROTOTYPES = YES;
				CLANG_WARN_SUSPICIOUS_MOVE = YES;
				CLANG_WARN_UNGUARDED_AVAILABILITY = YES_AGGRESSIVE;
				CLANG_WARN_UNREACHABLE_CODE = YES;
				CLANG_WARN__DUPLICATE_METHOD_MATCH = YES;
				COPY_PHASE_STRIP = NO;
				DEBUG_INFORMATION_FORMAT = dwarf;
				ENABLE_STRICT_OBJC_MSGSEND = YES;
				ENABLE_TESTABILITY = YES;
				GCC_C_LANGUAGE_STANDARD = gnu11;
				GCC_DYNAMIC_NO_PIC = NO;
				GCC_NO_COMMON_BLOCKS = YES;
				GCC_OPTIMIZATION_LEVEL = 0;
				GCC_PREPROCESSOR_DEFINITIONS = (
					"DEBUG=1",
					"$(inherited)",
				);
				GCC_WARN_64_TO_32_BIT_CONVERSION = YES;
				GCC_WARN_ABOUT_RETURN_TYPE = YES_ERROR;
				GCC_WARN_UNDECLARED_SELECTOR = YES;
				GCC_WARN_UNINITIALIZED_AUTOS = YES_AGGRESSIVE;
				GCC_WARN_UNUSED_FUNCTION = YES;
				GCC_WARN_UNUSED_VARIABLE = YES;
				IPHONEOS_DEPLOYMENT_TARGET = 16.4;
				MTL_ENABLE_DEBUG_INFO = INCLUDE_SOURCE;
				MTL_FAST_MATH = YES;
				ONLY_ACTIVE_ARCH = YES;
				SDKROOT = iphoneos;
				SWIFT_ACTIVE_COMPILATION_CONDITIONS = DEBUG;
				SWIFT_OPTIMIZATION_LEVEL = "-Onone";
			};
			name = Debug;
		};
		C2A8CABF2A0D9F580026DB96 /* Release */ = {
			isa = XCBuildConfiguration;
			buildSettings = {
				ALWAYS_SEARCH_USER_PATHS = NO;
				CLANG_ANALYZER_NONNULL = YES;
				CLANG_ANALYZER_NUMBER_OBJECT_CONVERSION = YES_AGGRESSIVE;
				CLANG_CXX_LANGUAGE_STANDARD = "gnu++20";
				CLANG_ENABLE_MODULES = YES;
				CLANG_ENABLE_OBJC_ARC = YES;
				CLANG_ENABLE_OBJC_WEAK = YES;
				CLANG_WARN_BLOCK_CAPTURE_AUTORELEASING = YES;
				CLANG_WARN_BOOL_CONVERSION = YES;
				CLANG_WARN_COMMA = YES;
				CLANG_WARN_CONSTANT_CONVERSION = YES;
				CLANG_WARN_DEPRECATED_OBJC_IMPLEMENTATIONS = YES;
				CLANG_WARN_DIRECT_OBJC_ISA_USAGE = YES_ERROR;
				CLANG_WARN_DOCUMENTATION_COMMENTS = YES;
				CLANG_WARN_EMPTY_BODY = YES;
				CLANG_WARN_ENUM_CONVERSION = YES;
				CLANG_WARN_INFINITE_RECURSION = YES;
				CLANG_WARN_INT_CONVERSION = YES;
				CLANG_WARN_NON_LITERAL_NULL_CONVERSION = YES;
				CLANG_WARN_OBJC_IMPLICIT_RETAIN_SELF = YES;
				CLANG_WARN_OBJC_LITERAL_CONVERSION = YES;
				CLANG_WARN_OBJC_ROOT_CLASS = YES_ERROR;
				CLANG_WARN_QUOTED_INCLUDE_IN_FRAMEWORK_HEADER = YES;
				CLANG_WARN_RANGE_LOOP_ANALYSIS = YES;
				CLANG_WARN_STRICT_PROTOTYPES = YES;
				CLANG_WARN_SUSPICIOUS_MOVE = YES;
				CLANG_WARN_UNGUARDED_AVAILABILITY = YES_AGGRESSIVE;
				CLANG_WARN_UNREACHABLE_CODE = YES;
				CLANG_WARN__DUPLICATE_METHOD_MATCH = YES;
				COPY_PHASE_STRIP = NO;
				DEBUG_INFORMATION_FORMAT = "dwarf-with-dsym";
				ENABLE_NS_ASSERTIONS = NO;
				ENABLE_STRICT_OBJC_MSGSEND = YES;
				GCC_C_LANGUAGE_STANDARD = gnu11;
				GCC_NO_COMMON_BLOCKS = YES;
				GCC_WARN_64_TO_32_BIT_CONVERSION = YES;
				GCC_WARN_ABOUT_RETURN_TYPE = YES_ERROR;
				GCC_WARN_UNDECLARED_SELECTOR = YES;
				GCC_WARN_UNINITIALIZED_AUTOS = YES_AGGRESSIVE;
				GCC_WARN_UNUSED_FUNCTION = YES;
				GCC_WARN_UNUSED_VARIABLE = YES;
				IPHONEOS_DEPLOYMENT_TARGET = 16.4;
				MTL_ENABLE_DEBUG_INFO = NO;
				MTL_FAST_MATH = YES;
				SDKROOT = iphoneos;
				SWIFT_COMPILATION_MODE = wholemodule;
				SWIFT_OPTIMIZATION_LEVEL = "-O";
				VALIDATE_PRODUCT = YES;
			};
			name = Release;
		};
		C2A8CAC12A0D9F580026DB96 /* Debug */ = {
			isa = XCBuildConfiguration;
			buildSettings = {
				ASSETCATALOG_COMPILER_APPICON_NAME = AppIcon;
				ASSETCATALOG_COMPILER_GLOBAL_ACCENT_COLOR_NAME = AccentColor;
				CODE_SIGN_STYLE = Automatic;
				CURRENT_PROJECT_VERSION = 1;
				DEVELOPMENT_ASSET_PATHS = "\"nuevoamanecer/Preview Content\"";
				DEVELOPMENT_TEAM = 633HKT35S8;
				ENABLE_PREVIEWS = YES;
				GENERATE_INFOPLIST_FILE = YES;
				INFOPLIST_KEY_CFBundleDisplayName = MindLink;
				INFOPLIST_KEY_UIApplicationSceneManifest_Generation = YES;
				INFOPLIST_KEY_UIApplicationSupportsIndirectInputEvents = YES;
				INFOPLIST_KEY_UILaunchScreen_Generation = YES;
				INFOPLIST_KEY_UISupportedInterfaceOrientations_iPad = "UIInterfaceOrientationPortrait UIInterfaceOrientationPortraitUpsideDown UIInterfaceOrientationLandscapeLeft UIInterfaceOrientationLandscapeRight";
				INFOPLIST_KEY_UISupportedInterfaceOrientations_iPhone = "UIInterfaceOrientationPortrait UIInterfaceOrientationLandscapeLeft UIInterfaceOrientationLandscapeRight";
				IPHONEOS_DEPLOYMENT_TARGET = 16.0;
				LD_RUNPATH_SEARCH_PATHS = (
					"$(inherited)",
					"@executable_path/Frameworks",
				);
				MARKETING_VERSION = 1.0;
				PRODUCT_BUNDLE_IDENTIFIER = com.sam.nuevoamanecer;
				PRODUCT_NAME = "$(TARGET_NAME)";
				SWIFT_EMIT_LOC_STRINGS = YES;
				SWIFT_VERSION = 5.0;
				TARGETED_DEVICE_FAMILY = "1,2";
			};
			name = Debug;
		};
		C2A8CAC22A0D9F580026DB96 /* Release */ = {
			isa = XCBuildConfiguration;
			buildSettings = {
				ASSETCATALOG_COMPILER_APPICON_NAME = AppIcon;
				ASSETCATALOG_COMPILER_GLOBAL_ACCENT_COLOR_NAME = AccentColor;
				CODE_SIGN_STYLE = Automatic;
				CURRENT_PROJECT_VERSION = 1;
				DEVELOPMENT_ASSET_PATHS = "\"nuevoamanecer/Preview Content\"";
				DEVELOPMENT_TEAM = 633HKT35S8;
				ENABLE_PREVIEWS = YES;
				GENERATE_INFOPLIST_FILE = YES;
				INFOPLIST_KEY_CFBundleDisplayName = MindLink;
				INFOPLIST_KEY_UIApplicationSceneManifest_Generation = YES;
				INFOPLIST_KEY_UIApplicationSupportsIndirectInputEvents = YES;
				INFOPLIST_KEY_UILaunchScreen_Generation = YES;
				INFOPLIST_KEY_UISupportedInterfaceOrientations_iPad = "UIInterfaceOrientationPortrait UIInterfaceOrientationPortraitUpsideDown UIInterfaceOrientationLandscapeLeft UIInterfaceOrientationLandscapeRight";
				INFOPLIST_KEY_UISupportedInterfaceOrientations_iPhone = "UIInterfaceOrientationPortrait UIInterfaceOrientationLandscapeLeft UIInterfaceOrientationLandscapeRight";
				IPHONEOS_DEPLOYMENT_TARGET = 16.0;
				LD_RUNPATH_SEARCH_PATHS = (
					"$(inherited)",
					"@executable_path/Frameworks",
				);
				MARKETING_VERSION = 1.0;
				PRODUCT_BUNDLE_IDENTIFIER = com.sam.nuevoamanecer;
				PRODUCT_NAME = "$(TARGET_NAME)";
				SWIFT_EMIT_LOC_STRINGS = YES;
				SWIFT_VERSION = 5.0;
				TARGETED_DEVICE_FAMILY = "1,2";
			};
			name = Release;
		};
/* End XCBuildConfiguration section */

/* Begin XCConfigurationList section */
		C2A8CAAD2A0D9F540026DB96 /* Build configuration list for PBXProject "nuevoamanecer" */ = {
			isa = XCConfigurationList;
			buildConfigurations = (
				C2A8CABE2A0D9F580026DB96 /* Debug */,
				C2A8CABF2A0D9F580026DB96 /* Release */,
			);
			defaultConfigurationIsVisible = 0;
			defaultConfigurationName = Release;
		};
		C2A8CAC02A0D9F580026DB96 /* Build configuration list for PBXNativeTarget "nuevoamanecer" */ = {
			isa = XCConfigurationList;
			buildConfigurations = (
				C2A8CAC12A0D9F580026DB96 /* Debug */,
				C2A8CAC22A0D9F580026DB96 /* Release */,
			);
			defaultConfigurationIsVisible = 0;
			defaultConfigurationName = Release;
		};
/* End XCConfigurationList section */

/* Begin XCRemoteSwiftPackageReference section */
		A9CEFE782A2A9B1900BD6E58 /* XCRemoteSwiftPackageReference "SDWebImageSwiftUI" */ = {
			isa = XCRemoteSwiftPackageReference;
			repositoryURL = "https://github.com/SDWebImage/SDWebImageSwiftUI.git";
			requirement = {
				kind = upToNextMajorVersion;
				minimumVersion = 2.0.0;
			};
		};
		C2207EFA2A184E3000F31578 /* XCRemoteSwiftPackageReference "Kingfisher" */ = {
			isa = XCRemoteSwiftPackageReference;
			repositoryURL = "https://github.com/onevcat/Kingfisher";
			requirement = {
				kind = upToNextMajorVersion;
				minimumVersion = 7.0.0;
			};
		};
		C2BEDAFE2A0DA53B005398F9 /* XCRemoteSwiftPackageReference "firebase-ios-sdk" */ = {
			isa = XCRemoteSwiftPackageReference;
			repositoryURL = "https://github.com/firebase/firebase-ios-sdk";
			requirement = {
				kind = upToNextMajorVersion;
				minimumVersion = 10.0.0;
			};
		};
/* End XCRemoteSwiftPackageReference section */

/* Begin XCSwiftPackageProductDependency section */
		A9594A122A28438B0063C0D7 /* FirebaseStorage */ = {
			isa = XCSwiftPackageProductDependency;
			package = C2BEDAFE2A0DA53B005398F9 /* XCRemoteSwiftPackageReference "firebase-ios-sdk" */;
			productName = FirebaseStorage;
		};
		A9CEFE792A2A9B1900BD6E58 /* SDWebImageSwiftUI */ = {
			isa = XCSwiftPackageProductDependency;
			package = A9CEFE782A2A9B1900BD6E58 /* XCRemoteSwiftPackageReference "SDWebImageSwiftUI" */;
			productName = SDWebImageSwiftUI;
		};
		C2207EFB2A184E3000F31578 /* Kingfisher */ = {
			isa = XCSwiftPackageProductDependency;
			package = C2207EFA2A184E3000F31578 /* XCRemoteSwiftPackageReference "Kingfisher" */;
			productName = Kingfisher;
		};
		C22ECD472A380C4600DF8A06 /* FirebaseFirestoreSwift */ = {
			isa = XCSwiftPackageProductDependency;
			package = C2BEDAFE2A0DA53B005398F9 /* XCRemoteSwiftPackageReference "firebase-ios-sdk" */;
			productName = FirebaseFirestoreSwift;
		};
		C29428012A15A8F000E814C9 /* FirebaseFirestore */ = {
			isa = XCSwiftPackageProductDependency;
			package = C2BEDAFE2A0DA53B005398F9 /* XCRemoteSwiftPackageReference "firebase-ios-sdk" */;
			productName = FirebaseFirestore;
		};
		C2BEDAFF2A0DA53B005398F9 /* FirebaseAnalytics */ = {
			isa = XCSwiftPackageProductDependency;
			package = C2BEDAFE2A0DA53B005398F9 /* XCRemoteSwiftPackageReference "firebase-ios-sdk" */;
			productName = FirebaseAnalytics;
		};
		C2BEDB012A0DA53B005398F9 /* FirebaseAnalyticsSwift */ = {
			isa = XCSwiftPackageProductDependency;
			package = C2BEDAFE2A0DA53B005398F9 /* XCRemoteSwiftPackageReference "firebase-ios-sdk" */;
			productName = FirebaseAnalyticsSwift;
		};
		C2BEDB0E2A141262005398F9 /* FirebaseAuth */ = {
			isa = XCSwiftPackageProductDependency;
			package = C2BEDAFE2A0DA53B005398F9 /* XCRemoteSwiftPackageReference "firebase-ios-sdk" */;
			productName = FirebaseAuth;
		};
/* End XCSwiftPackageProductDependency section */
	};
	rootObject = C2A8CAAA2A0D9F540026DB96 /* Project object */;
}
