// !$*UTF8*$!
{
	archiveVersion = 1;
	classes = {
	};
	objectVersion = 56;
	objects = {

/* Begin PBXBuildFile section */
		BC587C402A2E860300FEDAE1 /* PictogramView.swift in Sources */ = {isa = PBXBuildFile; fileRef = BC587C262A2E860300FEDAE1 /* PictogramView.swift */; };
		BC587C412A2E860300FEDAE1 /* CategoryPickerView.swift in Sources */ = {isa = PBXBuildFile; fileRef = BC587C272A2E860300FEDAE1 /* CategoryPickerView.swift */; };
		BC587C422A2E860300FEDAE1 /* DropDownCategoryPicker.swift in Sources */ = {isa = PBXBuildFile; fileRef = BC587C282A2E860300FEDAE1 /* DropDownCategoryPicker.swift */; };
		BC587C432A2E860300FEDAE1 /* PictogramGridView.swift in Sources */ = {isa = PBXBuildFile; fileRef = BC587C292A2E860300FEDAE1 /* PictogramGridView.swift */; };
		BC587C442A2E860300FEDAE1 /* PictogramEditorWindowView.swift in Sources */ = {isa = PBXBuildFile; fileRef = BC587C2A2A2E860300FEDAE1 /* PictogramEditorWindowView.swift */; };
		BC587C452A2E860300FEDAE1 /* CategoryEditorWindowView.swift in Sources */ = {isa = PBXBuildFile; fileRef = BC587C2B2A2E860300FEDAE1 /* CategoryEditorWindowView.swift */; };
		BC587C462A2E860300FEDAE1 /* PictogramViewModel.swift in Sources */ = {isa = PBXBuildFile; fileRef = BC587C2D2A2E860300FEDAE1 /* PictogramViewModel.swift */; };
		BC587C472A2E860300FEDAE1 /* CategoryViewModel.swift in Sources */ = {isa = PBXBuildFile; fileRef = BC587C2E2A2E860300FEDAE1 /* CategoryViewModel.swift */; };
		BC587C482A2E860300FEDAE1 /* PageViewModel.swift in Sources */ = {isa = PBXBuildFile; fileRef = BC587C2F2A2E860300FEDAE1 /* PageViewModel.swift */; };
		BC587C492A2E860300FEDAE1 /* MiscTextFieldView.swift in Sources */ = {isa = PBXBuildFile; fileRef = BC587C312A2E860300FEDAE1 /* MiscTextFieldView.swift */; };
		BC587C4A2A2E860300FEDAE1 /* MiscSearchBarView.swift in Sources */ = {isa = PBXBuildFile; fileRef = BC587C322A2E860300FEDAE1 /* MiscSearchBarView.swift */; };
		BC587C4B2A2E860300FEDAE1 /* MiscColorPickerView.swift in Sources */ = {isa = PBXBuildFile; fileRef = BC587C332A2E860300FEDAE1 /* MiscColorPickerView.swift */; };
		BC587C4C2A2E860300FEDAE1 /* MiscSystemImageView.swift in Sources */ = {isa = PBXBuildFile; fileRef = BC587C342A2E860300FEDAE1 /* MiscSystemImageView.swift */; };
		BC587C4D2A2E860300FEDAE1 /* MiscButtonView.swift in Sources */ = {isa = PBXBuildFile; fileRef = BC587C352A2E860300FEDAE1 /* MiscButtonView.swift */; };
		BC587C4E2A2E860300FEDAE1 /* CustomAlert.swift in Sources */ = {isa = PBXBuildFile; fileRef = BC587C372A2E860300FEDAE1 /* CustomAlert.swift */; };
		BC587C4F2A2E860300FEDAE1 /* CategoryModel.swift in Sources */ = {isa = PBXBuildFile; fileRef = BC587C392A2E860300FEDAE1 /* CategoryModel.swift */; };
		BC587C502A2E860300FEDAE1 /* PageModel.swift in Sources */ = {isa = PBXBuildFile; fileRef = BC587C3A2A2E860300FEDAE1 /* PageModel.swift */; };
		BC587C512A2E860300FEDAE1 /* PictogramModel.swift in Sources */ = {isa = PBXBuildFile; fileRef = BC587C3B2A2E860300FEDAE1 /* PictogramModel.swift */; };
		BC587C522A2E860300FEDAE1 /* SortedPictoArray.swift in Sources */ = {isa = PBXBuildFile; fileRef = BC587C3D2A2E860300FEDAE1 /* SortedPictoArray.swift */; };
		BC587C532A2E860300FEDAE1 /* PictogramEditor.swift in Sources */ = {isa = PBXBuildFile; fileRef = BC587C3F2A2E860300FEDAE1 /* PictogramEditor.swift */; };
		C2207EFC2A184E3000F31578 /* Kingfisher in Frameworks */ = {isa = PBXBuildFile; productRef = C2207EFB2A184E3000F31578 /* Kingfisher */; };
		C2207EFE2A1C04A500F31578 /* AddPatientView.swift in Sources */ = {isa = PBXBuildFile; fileRef = C2207EFD2A1C04A500F31578 /* AddPatientView.swift */; };
		C2207F002A1F1AF400F31578 /* Note.swift in Sources */ = {isa = PBXBuildFile; fileRef = C2207EFF2A1F1AF300F31578 /* Note.swift */; };
		C2207F022A1F1B7F00F31578 /* NotesViewModel.swift in Sources */ = {isa = PBXBuildFile; fileRef = C2207F012A1F1B7E00F31578 /* NotesViewModel.swift */; };
		C2207F042A206B4900F31578 /* AddNoteView.swift in Sources */ = {isa = PBXBuildFile; fileRef = C2207F032A206B4900F31578 /* AddNoteView.swift */; };
		C2207F062A2162E600F31578 /* EditPatientView.swift in Sources */ = {isa = PBXBuildFile; fileRef = C2207F052A2162E600F31578 /* EditPatientView.swift */; };
		C2207F082A252D2900F31578 /* DeletePatientView.swift in Sources */ = {isa = PBXBuildFile; fileRef = C2207F072A252D2800F31578 /* DeletePatientView.swift */; };
		C2207F0E2A268C5A00F31578 /* EditNoteView.swift in Sources */ = {isa = PBXBuildFile; fileRef = C2207F0D2A268C5A00F31578 /* EditNoteView.swift */; };
		C235FDAD2A18106E005412A7 /* AdminView.swift in Sources */ = {isa = PBXBuildFile; fileRef = C235FDAC2A18106E005412A7 /* AdminView.swift */; };
		C235FDAF2A181080005412A7 /* PatientView.swift in Sources */ = {isa = PBXBuildFile; fileRef = C235FDAE2A181080005412A7 /* PatientView.swift */; };
		C235FDB12A1810C3005412A7 /* PatientsViewModel.swift in Sources */ = {isa = PBXBuildFile; fileRef = C235FDB02A1810C3005412A7 /* PatientsViewModel.swift */; };
		C235FDB32A1810EB005412A7 /* Patient.swift in Sources */ = {isa = PBXBuildFile; fileRef = C235FDB22A1810EB005412A7 /* Patient.swift */; };
		C250AFC72A174B60008F5699 /* AuthView.swift in Sources */ = {isa = PBXBuildFile; fileRef = C250AFC62A174B5F008F5699 /* AuthView.swift */; };
		C29428022A15A8F000E814C9 /* FirebaseFirestore in Frameworks */ = {isa = PBXBuildFile; productRef = C29428012A15A8F000E814C9 /* FirebaseFirestore */; };
		C29428062A15B3C500E814C9 /* AuthenticationFirebaseDataSource.swift in Sources */ = {isa = PBXBuildFile; fileRef = C29428052A15B3C500E814C9 /* AuthenticationFirebaseDataSource.swift */; };
		C29428082A15B85500E814C9 /* ContentView.swift in Sources */ = {isa = PBXBuildFile; fileRef = C29428072A15B85500E814C9 /* ContentView.swift */; };
		C2A8CAB62A0D9F540026DB96 /* nuevoamanecerApp.swift in Sources */ = {isa = PBXBuildFile; fileRef = C2A8CAB52A0D9F540026DB96 /* nuevoamanecerApp.swift */; };
		C2A8CABA2A0D9F580026DB96 /* Assets.xcassets in Resources */ = {isa = PBXBuildFile; fileRef = C2A8CAB92A0D9F580026DB96 /* Assets.xcassets */; };
		C2A8CABD2A0D9F580026DB96 /* Preview Assets.xcassets in Resources */ = {isa = PBXBuildFile; fileRef = C2A8CABC2A0D9F580026DB96 /* Preview Assets.xcassets */; };
		C2BEDB002A0DA53B005398F9 /* FirebaseAnalytics in Frameworks */ = {isa = PBXBuildFile; productRef = C2BEDAFF2A0DA53B005398F9 /* FirebaseAnalytics */; };
		C2BEDB022A0DA53B005398F9 /* FirebaseAnalyticsSwift in Frameworks */ = {isa = PBXBuildFile; productRef = C2BEDB012A0DA53B005398F9 /* FirebaseAnalyticsSwift */; };
		C2BEDB062A0DA77A005398F9 /* GoogleService-Info.plist in Resources */ = {isa = PBXBuildFile; fileRef = C2BEDB052A0DA77A005398F9 /* GoogleService-Info.plist */; };
		C2BEDB0C2A1410AC005398F9 /* DismissView.swift in Sources */ = {isa = PBXBuildFile; fileRef = C2BEDB0B2A1410AC005398F9 /* DismissView.swift */; };
		C2BEDB0F2A141262005398F9 /* FirebaseAuth in Frameworks */ = {isa = PBXBuildFile; productRef = C2BEDB0E2A141262005398F9 /* FirebaseAuth */; };
		C2BEDB1A2A14507C005398F9 /* HomeView.swift in Sources */ = {isa = PBXBuildFile; fileRef = C2BEDB192A14507C005398F9 /* HomeView.swift */; };
		C2BEDB632A157B12005398F9 /* LoginView.swift in Sources */ = {isa = PBXBuildFile; fileRef = C2BEDB622A157B12005398F9 /* LoginView.swift */; };
		C2BEDB652A157B22005398F9 /* RegisterView.swift in Sources */ = {isa = PBXBuildFile; fileRef = C2BEDB642A157B22005398F9 /* RegisterView.swift */; };
		C2BEDB672A157B72005398F9 /* User.swift in Sources */ = {isa = PBXBuildFile; fileRef = C2BEDB662A157B72005398F9 /* User.swift */; };
		C2BEDB6D2A15867D005398F9 /* AuthViewModel.swift in Sources */ = {isa = PBXBuildFile; fileRef = C2BEDB6C2A15867D005398F9 /* AuthViewModel.swift */; };
/* End PBXBuildFile section */

/* Begin PBXFileReference section */
		BC587C262A2E860300FEDAE1 /* PictogramView.swift */ = {isa = PBXFileReference; fileEncoding = 4; lastKnownFileType = sourcecode.swift; path = PictogramView.swift; sourceTree = "<group>"; };
		BC587C272A2E860300FEDAE1 /* CategoryPickerView.swift */ = {isa = PBXFileReference; fileEncoding = 4; lastKnownFileType = sourcecode.swift; path = CategoryPickerView.swift; sourceTree = "<group>"; };
		BC587C282A2E860300FEDAE1 /* DropDownCategoryPicker.swift */ = {isa = PBXFileReference; fileEncoding = 4; lastKnownFileType = sourcecode.swift; path = DropDownCategoryPicker.swift; sourceTree = "<group>"; };
		BC587C292A2E860300FEDAE1 /* PictogramGridView.swift */ = {isa = PBXFileReference; fileEncoding = 4; lastKnownFileType = sourcecode.swift; path = PictogramGridView.swift; sourceTree = "<group>"; };
		BC587C2A2A2E860300FEDAE1 /* PictogramEditorWindowView.swift */ = {isa = PBXFileReference; fileEncoding = 4; lastKnownFileType = sourcecode.swift; path = PictogramEditorWindowView.swift; sourceTree = "<group>"; };
		BC587C2B2A2E860300FEDAE1 /* CategoryEditorWindowView.swift */ = {isa = PBXFileReference; fileEncoding = 4; lastKnownFileType = sourcecode.swift; path = CategoryEditorWindowView.swift; sourceTree = "<group>"; };
		BC587C2D2A2E860300FEDAE1 /* PictogramViewModel.swift */ = {isa = PBXFileReference; fileEncoding = 4; lastKnownFileType = sourcecode.swift; path = PictogramViewModel.swift; sourceTree = "<group>"; };
		BC587C2E2A2E860300FEDAE1 /* CategoryViewModel.swift */ = {isa = PBXFileReference; fileEncoding = 4; lastKnownFileType = sourcecode.swift; path = CategoryViewModel.swift; sourceTree = "<group>"; };
		BC587C2F2A2E860300FEDAE1 /* PageViewModel.swift */ = {isa = PBXFileReference; fileEncoding = 4; lastKnownFileType = sourcecode.swift; path = PageViewModel.swift; sourceTree = "<group>"; };
		BC587C312A2E860300FEDAE1 /* MiscTextFieldView.swift */ = {isa = PBXFileReference; fileEncoding = 4; lastKnownFileType = sourcecode.swift; path = MiscTextFieldView.swift; sourceTree = "<group>"; };
		BC587C322A2E860300FEDAE1 /* MiscSearchBarView.swift */ = {isa = PBXFileReference; fileEncoding = 4; lastKnownFileType = sourcecode.swift; path = MiscSearchBarView.swift; sourceTree = "<group>"; };
		BC587C332A2E860300FEDAE1 /* MiscColorPickerView.swift */ = {isa = PBXFileReference; fileEncoding = 4; lastKnownFileType = sourcecode.swift; path = MiscColorPickerView.swift; sourceTree = "<group>"; };
		BC587C342A2E860300FEDAE1 /* MiscSystemImageView.swift */ = {isa = PBXFileReference; fileEncoding = 4; lastKnownFileType = sourcecode.swift; path = MiscSystemImageView.swift; sourceTree = "<group>"; };
		BC587C352A2E860300FEDAE1 /* MiscButtonView.swift */ = {isa = PBXFileReference; fileEncoding = 4; lastKnownFileType = sourcecode.swift; path = MiscButtonView.swift; sourceTree = "<group>"; };
		BC587C372A2E860300FEDAE1 /* CustomAlert.swift */ = {isa = PBXFileReference; fileEncoding = 4; lastKnownFileType = sourcecode.swift; path = CustomAlert.swift; sourceTree = "<group>"; };
		BC587C392A2E860300FEDAE1 /* CategoryModel.swift */ = {isa = PBXFileReference; fileEncoding = 4; lastKnownFileType = sourcecode.swift; path = CategoryModel.swift; sourceTree = "<group>"; };
		BC587C3A2A2E860300FEDAE1 /* PageModel.swift */ = {isa = PBXFileReference; fileEncoding = 4; lastKnownFileType = sourcecode.swift; path = PageModel.swift; sourceTree = "<group>"; };
		BC587C3B2A2E860300FEDAE1 /* PictogramModel.swift */ = {isa = PBXFileReference; fileEncoding = 4; lastKnownFileType = sourcecode.swift; path = PictogramModel.swift; sourceTree = "<group>"; };
		BC587C3D2A2E860300FEDAE1 /* SortedPictoArray.swift */ = {isa = PBXFileReference; fileEncoding = 4; lastKnownFileType = sourcecode.swift; path = SortedPictoArray.swift; sourceTree = "<group>"; };
		BC587C3F2A2E860300FEDAE1 /* PictogramEditor.swift */ = {isa = PBXFileReference; fileEncoding = 4; lastKnownFileType = sourcecode.swift; path = PictogramEditor.swift; sourceTree = "<group>"; };
		C2207EFD2A1C04A500F31578 /* AddPatientView.swift */ = {isa = PBXFileReference; lastKnownFileType = sourcecode.swift; path = AddPatientView.swift; sourceTree = "<group>"; };
		C2207EFF2A1F1AF300F31578 /* Note.swift */ = {isa = PBXFileReference; lastKnownFileType = sourcecode.swift; path = Note.swift; sourceTree = "<group>"; };
		C2207F012A1F1B7E00F31578 /* NotesViewModel.swift */ = {isa = PBXFileReference; lastKnownFileType = sourcecode.swift; path = NotesViewModel.swift; sourceTree = "<group>"; };
		C2207F032A206B4900F31578 /* AddNoteView.swift */ = {isa = PBXFileReference; lastKnownFileType = sourcecode.swift; path = AddNoteView.swift; sourceTree = "<group>"; };
		C2207F052A2162E600F31578 /* EditPatientView.swift */ = {isa = PBXFileReference; lastKnownFileType = sourcecode.swift; path = EditPatientView.swift; sourceTree = "<group>"; };
		C2207F072A252D2800F31578 /* DeletePatientView.swift */ = {isa = PBXFileReference; lastKnownFileType = sourcecode.swift; path = DeletePatientView.swift; sourceTree = "<group>"; };
		C2207F0D2A268C5A00F31578 /* EditNoteView.swift */ = {isa = PBXFileReference; lastKnownFileType = sourcecode.swift; path = EditNoteView.swift; sourceTree = "<group>"; };
		C235FDAC2A18106E005412A7 /* AdminView.swift */ = {isa = PBXFileReference; lastKnownFileType = sourcecode.swift; path = AdminView.swift; sourceTree = "<group>"; };
		C235FDAE2A181080005412A7 /* PatientView.swift */ = {isa = PBXFileReference; lastKnownFileType = sourcecode.swift; path = PatientView.swift; sourceTree = "<group>"; };
		C235FDB02A1810C3005412A7 /* PatientsViewModel.swift */ = {isa = PBXFileReference; lastKnownFileType = sourcecode.swift; path = PatientsViewModel.swift; sourceTree = "<group>"; };
		C235FDB22A1810EB005412A7 /* Patient.swift */ = {isa = PBXFileReference; lastKnownFileType = sourcecode.swift; path = Patient.swift; sourceTree = "<group>"; };
		C250AFC62A174B5F008F5699 /* AuthView.swift */ = {isa = PBXFileReference; lastKnownFileType = sourcecode.swift; path = AuthView.swift; sourceTree = "<group>"; };
		C29428052A15B3C500E814C9 /* AuthenticationFirebaseDataSource.swift */ = {isa = PBXFileReference; lastKnownFileType = sourcecode.swift; path = AuthenticationFirebaseDataSource.swift; sourceTree = "<group>"; };
		C29428072A15B85500E814C9 /* ContentView.swift */ = {isa = PBXFileReference; lastKnownFileType = sourcecode.swift; path = ContentView.swift; sourceTree = "<group>"; };
		C2A8CAB22A0D9F540026DB96 /* nuevoamanecer.app */ = {isa = PBXFileReference; explicitFileType = wrapper.application; includeInIndex = 0; path = nuevoamanecer.app; sourceTree = BUILT_PRODUCTS_DIR; };
		C2A8CAB52A0D9F540026DB96 /* nuevoamanecerApp.swift */ = {isa = PBXFileReference; lastKnownFileType = sourcecode.swift; path = nuevoamanecerApp.swift; sourceTree = "<group>"; };
		C2A8CAB92A0D9F580026DB96 /* Assets.xcassets */ = {isa = PBXFileReference; lastKnownFileType = folder.assetcatalog; path = Assets.xcassets; sourceTree = "<group>"; };
		C2A8CABC2A0D9F580026DB96 /* Preview Assets.xcassets */ = {isa = PBXFileReference; lastKnownFileType = folder.assetcatalog; path = "Preview Assets.xcassets"; sourceTree = "<group>"; };
		C2BEDB052A0DA77A005398F9 /* GoogleService-Info.plist */ = {isa = PBXFileReference; fileEncoding = 4; lastKnownFileType = text.plist.xml; path = "GoogleService-Info.plist"; sourceTree = "<group>"; };
		C2BEDB0B2A1410AC005398F9 /* DismissView.swift */ = {isa = PBXFileReference; lastKnownFileType = sourcecode.swift; path = DismissView.swift; sourceTree = "<group>"; };
		C2BEDB192A14507C005398F9 /* HomeView.swift */ = {isa = PBXFileReference; lastKnownFileType = sourcecode.swift; path = HomeView.swift; sourceTree = "<group>"; };
		C2BEDB622A157B12005398F9 /* LoginView.swift */ = {isa = PBXFileReference; lastKnownFileType = sourcecode.swift; path = LoginView.swift; sourceTree = "<group>"; };
		C2BEDB642A157B22005398F9 /* RegisterView.swift */ = {isa = PBXFileReference; lastKnownFileType = sourcecode.swift; path = RegisterView.swift; sourceTree = "<group>"; };
		C2BEDB662A157B72005398F9 /* User.swift */ = {isa = PBXFileReference; lastKnownFileType = sourcecode.swift; path = User.swift; sourceTree = "<group>"; };
		C2BEDB6C2A15867D005398F9 /* AuthViewModel.swift */ = {isa = PBXFileReference; lastKnownFileType = sourcecode.swift; path = AuthViewModel.swift; sourceTree = "<group>"; };
/* End PBXFileReference section */

/* Begin PBXFrameworksBuildPhase section */
		C2A8CAAF2A0D9F540026DB96 /* Frameworks */ = {
			isa = PBXFrameworksBuildPhase;
			buildActionMask = 2147483647;
			files = (
				C2BEDB022A0DA53B005398F9 /* FirebaseAnalyticsSwift in Frameworks */,
				C29428022A15A8F000E814C9 /* FirebaseFirestore in Frameworks */,
				C2BEDB0F2A141262005398F9 /* FirebaseAuth in Frameworks */,
				C2BEDB002A0DA53B005398F9 /* FirebaseAnalytics in Frameworks */,
				C2207EFC2A184E3000F31578 /* Kingfisher in Frameworks */,
			);
			runOnlyForDeploymentPostprocessing = 0;
		};
/* End PBXFrameworksBuildPhase section */

/* Begin PBXGroup section */
		BC587C202A2E855400FEDAE1 /* Admin */ = {
			isa = PBXGroup;
			children = (
				C29428042A15B3B100E814C9 /* Data */,
				C2BEDB602A157A93005398F9 /* ViewModel */,
				C2BEDB5F2A157A8D005398F9 /* View */,
				C2BEDB5E2A157A84005398F9 /* Model */,
			);
			path = Admin;
			sourceTree = "<group>";
		};
		BC587C212A2E855D00FEDAE1 /* Communicator */ = {
			isa = PBXGroup;
			children = (
			);
			path = Communicator;
			sourceTree = "<group>";
		};
		BC587C222A2E856D00FEDAE1 /* PictogramEditor */ = {
			isa = PBXGroup;
			children = (
				BC587C3E2A2E860300FEDAE1 /* MainViews */,
				BC587C362A2E860300FEDAE1 /* MiscModifiers */,
				BC587C3C2A2E860300FEDAE1 /* MiscStructures */,
				BC587C302A2E860300FEDAE1 /* MiscViews */,
				BC587C382A2E860300FEDAE1 /* Models */,
				BC587C2C2A2E860300FEDAE1 /* ViewModels */,
				BC587C252A2E860300FEDAE1 /* Views */,
			);
			path = PictogramEditor;
			sourceTree = "<group>";
		};
		BC587C232A2E857800FEDAE1 /* Album */ = {
			isa = PBXGroup;
			children = (
			);
			path = Album;
			sourceTree = "<group>";
		};
		BC587C252A2E860300FEDAE1 /* Views */ = {
			isa = PBXGroup;
			children = (
				BC587C262A2E860300FEDAE1 /* PictogramView.swift */,
				BC587C272A2E860300FEDAE1 /* CategoryPickerView.swift */,
				BC587C282A2E860300FEDAE1 /* DropDownCategoryPicker.swift */,
				BC587C292A2E860300FEDAE1 /* PictogramGridView.swift */,
				BC587C2A2A2E860300FEDAE1 /* PictogramEditorWindowView.swift */,
				BC587C2B2A2E860300FEDAE1 /* CategoryEditorWindowView.swift */,
			);
			path = Views;
			sourceTree = "<group>";
		};
		BC587C2C2A2E860300FEDAE1 /* ViewModels */ = {
			isa = PBXGroup;
			children = (
				BC587C2D2A2E860300FEDAE1 /* PictogramViewModel.swift */,
				BC587C2E2A2E860300FEDAE1 /* CategoryViewModel.swift */,
				BC587C2F2A2E860300FEDAE1 /* PageViewModel.swift */,
			);
			path = ViewModels;
			sourceTree = "<group>";
		};
		BC587C302A2E860300FEDAE1 /* MiscViews */ = {
			isa = PBXGroup;
			children = (
				BC587C312A2E860300FEDAE1 /* MiscTextFieldView.swift */,
				BC587C322A2E860300FEDAE1 /* MiscSearchBarView.swift */,
				BC587C332A2E860300FEDAE1 /* MiscColorPickerView.swift */,
				BC587C342A2E860300FEDAE1 /* MiscSystemImageView.swift */,
				BC587C352A2E860300FEDAE1 /* MiscButtonView.swift */,
			);
			path = MiscViews;
			sourceTree = "<group>";
		};
		BC587C362A2E860300FEDAE1 /* MiscModifiers */ = {
			isa = PBXGroup;
			children = (
				BC587C372A2E860300FEDAE1 /* CustomAlert.swift */,
			);
			path = MiscModifiers;
			sourceTree = "<group>";
		};
		BC587C382A2E860300FEDAE1 /* Models */ = {
			isa = PBXGroup;
			children = (
				BC587C392A2E860300FEDAE1 /* CategoryModel.swift */,
				BC587C3A2A2E860300FEDAE1 /* PageModel.swift */,
				BC587C3B2A2E860300FEDAE1 /* PictogramModel.swift */,
			);
			path = Models;
			sourceTree = "<group>";
		};
		BC587C3C2A2E860300FEDAE1 /* MiscStructures */ = {
			isa = PBXGroup;
			children = (
				BC587C3D2A2E860300FEDAE1 /* SortedPictoArray.swift */,
			);
			path = MiscStructures;
			sourceTree = "<group>";
		};
		BC587C3E2A2E860300FEDAE1 /* MainViews */ = {
			isa = PBXGroup;
			children = (
				BC587C3F2A2E860300FEDAE1 /* PictogramEditor.swift */,
			);
			path = MainViews;
			sourceTree = "<group>";
		};
		C29428042A15B3B100E814C9 /* Data */ = {
			isa = PBXGroup;
			children = (
				C29428052A15B3C500E814C9 /* AuthenticationFirebaseDataSource.swift */,
			);
			path = Data;
			sourceTree = "<group>";
		};
		C2A8CAA92A0D9F540026DB96 = {
			isa = PBXGroup;
			children = (
				C2A8CAB42A0D9F540026DB96 /* nuevoamanecer */,
				C2A8CAB32A0D9F540026DB96 /* Products */,
				C2BEDB0D2A141262005398F9 /* Frameworks */,
			);
			sourceTree = "<group>";
		};
		C2A8CAB32A0D9F540026DB96 /* Products */ = {
			isa = PBXGroup;
			children = (
				C2A8CAB22A0D9F540026DB96 /* nuevoamanecer.app */,
			);
			name = Products;
			sourceTree = "<group>";
		};
		C2A8CAB42A0D9F540026DB96 /* nuevoamanecer */ = {
			isa = PBXGroup;
			children = (
				BC587C232A2E857800FEDAE1 /* Album */,
				BC587C222A2E856D00FEDAE1 /* PictogramEditor */,
				BC587C212A2E855D00FEDAE1 /* Communicator */,
				BC587C202A2E855400FEDAE1 /* Admin */,
				C29428072A15B85500E814C9 /* ContentView.swift */,
				C2BEDB192A14507C005398F9 /* HomeView.swift */,
				C2BEDB0B2A1410AC005398F9 /* DismissView.swift */,
				C2A8CAB52A0D9F540026DB96 /* nuevoamanecerApp.swift */,
				C2BEDB052A0DA77A005398F9 /* GoogleService-Info.plist */,
				C2A8CAB92A0D9F580026DB96 /* Assets.xcassets */,
				C2A8CABB2A0D9F580026DB96 /* Preview Content */,
			);
			path = nuevoamanecer;
			sourceTree = "<group>";
		};
		C2A8CABB2A0D9F580026DB96 /* Preview Content */ = {
			isa = PBXGroup;
			children = (
				C2A8CABC2A0D9F580026DB96 /* Preview Assets.xcassets */,
			);
			path = "Preview Content";
			sourceTree = "<group>";
		};
		C2BEDB0D2A141262005398F9 /* Frameworks */ = {
			isa = PBXGroup;
			children = (
			);
			name = Frameworks;
			sourceTree = "<group>";
		};
		C2BEDB5E2A157A84005398F9 /* Model */ = {
			isa = PBXGroup;
			children = (
				C235FDB22A1810EB005412A7 /* Patient.swift */,
				C2BEDB662A157B72005398F9 /* User.swift */,
				C2207EFF2A1F1AF300F31578 /* Note.swift */,
			);
			path = Model;
			sourceTree = "<group>";
		};
		C2BEDB5F2A157A8D005398F9 /* View */ = {
			isa = PBXGroup;
			children = (
				C2BEDB612A157AF5005398F9 /* Authentication */,
				C235FDAC2A18106E005412A7 /* AdminView.swift */,
				C235FDAE2A181080005412A7 /* PatientView.swift */,
				C2207EFD2A1C04A500F31578 /* AddPatientView.swift */,
				C2207F032A206B4900F31578 /* AddNoteView.swift */,
				C2207F052A2162E600F31578 /* EditPatientView.swift */,
				C2207F072A252D2800F31578 /* DeletePatientView.swift */,
				C2207F0D2A268C5A00F31578 /* EditNoteView.swift */,
			);
			path = View;
			sourceTree = "<group>";
		};
		C2BEDB602A157A93005398F9 /* ViewModel */ = {
			isa = PBXGroup;
			children = (
				C2BEDB6C2A15867D005398F9 /* AuthViewModel.swift */,
				C235FDB02A1810C3005412A7 /* PatientsViewModel.swift */,
				C2207F012A1F1B7E00F31578 /* NotesViewModel.swift */,
			);
			path = ViewModel;
			sourceTree = "<group>";
		};
		C2BEDB612A157AF5005398F9 /* Authentication */ = {
			isa = PBXGroup;
			children = (
				C2BEDB622A157B12005398F9 /* LoginView.swift */,
				C2BEDB642A157B22005398F9 /* RegisterView.swift */,
				C250AFC62A174B5F008F5699 /* AuthView.swift */,
			);
			path = Authentication;
			sourceTree = "<group>";
		};
/* End PBXGroup section */

/* Begin PBXNativeTarget section */
		C2A8CAB12A0D9F540026DB96 /* nuevoamanecer */ = {
			isa = PBXNativeTarget;
			buildConfigurationList = C2A8CAC02A0D9F580026DB96 /* Build configuration list for PBXNativeTarget "nuevoamanecer" */;
			buildPhases = (
				C2A8CAAE2A0D9F540026DB96 /* Sources */,
				C2A8CAAF2A0D9F540026DB96 /* Frameworks */,
				C2A8CAB02A0D9F540026DB96 /* Resources */,
			);
			buildRules = (
			);
			dependencies = (
			);
			name = nuevoamanecer;
			packageProductDependencies = (
				C2BEDAFF2A0DA53B005398F9 /* FirebaseAnalytics */,
				C2BEDB012A0DA53B005398F9 /* FirebaseAnalyticsSwift */,
				C2BEDB0E2A141262005398F9 /* FirebaseAuth */,
				C29428012A15A8F000E814C9 /* FirebaseFirestore */,
				C2207EFB2A184E3000F31578 /* Kingfisher */,
			);
			productName = nuevoamanecer;
			productReference = C2A8CAB22A0D9F540026DB96 /* nuevoamanecer.app */;
			productType = "com.apple.product-type.application";
		};
/* End PBXNativeTarget section */

/* Begin PBXProject section */
		C2A8CAAA2A0D9F540026DB96 /* Project object */ = {
			isa = PBXProject;
			attributes = {
				BuildIndependentTargetsInParallel = 1;
				LastSwiftUpdateCheck = 1430;
				LastUpgradeCheck = 1430;
				TargetAttributes = {
					C2A8CAB12A0D9F540026DB96 = {
						CreatedOnToolsVersion = 14.3;
					};
				};
			};
			buildConfigurationList = C2A8CAAD2A0D9F540026DB96 /* Build configuration list for PBXProject "nuevoamanecer" */;
			compatibilityVersion = "Xcode 14.0";
			developmentRegion = en;
			hasScannedForEncodings = 0;
			knownRegions = (
				en,
				Base,
			);
			mainGroup = C2A8CAA92A0D9F540026DB96;
			packageReferences = (
				C2BEDAFE2A0DA53B005398F9 /* XCRemoteSwiftPackageReference "firebase-ios-sdk" */,
				C2207EFA2A184E3000F31578 /* XCRemoteSwiftPackageReference "Kingfisher" */,
			);
			productRefGroup = C2A8CAB32A0D9F540026DB96 /* Products */;
			projectDirPath = "";
			projectRoot = "";
			targets = (
				C2A8CAB12A0D9F540026DB96 /* nuevoamanecer */,
			);
		};
/* End PBXProject section */

/* Begin PBXResourcesBuildPhase section */
		C2A8CAB02A0D9F540026DB96 /* Resources */ = {
			isa = PBXResourcesBuildPhase;
			buildActionMask = 2147483647;
			files = (
				C2A8CABD2A0D9F580026DB96 /* Preview Assets.xcassets in Resources */,
				C2A8CABA2A0D9F580026DB96 /* Assets.xcassets in Resources */,
				C2BEDB062A0DA77A005398F9 /* GoogleService-Info.plist in Resources */,
			);
			runOnlyForDeploymentPostprocessing = 0;
		};
/* End PBXResourcesBuildPhase section */

/* Begin PBXSourcesBuildPhase section */
		C2A8CAAE2A0D9F540026DB96 /* Sources */ = {
			isa = PBXSourcesBuildPhase;
			buildActionMask = 2147483647;
			files = (
				BC587C522A2E860300FEDAE1 /* SortedPictoArray.swift in Sources */,
				C235FDAF2A181080005412A7 /* PatientView.swift in Sources */,
				BC587C532A2E860300FEDAE1 /* PictogramEditor.swift in Sources */,
				C2BEDB652A157B22005398F9 /* RegisterView.swift in Sources */,
				C2BEDB1A2A14507C005398F9 /* HomeView.swift in Sources */,
				BC587C4E2A2E860300FEDAE1 /* CustomAlert.swift in Sources */,
				BC587C4B2A2E860300FEDAE1 /* MiscColorPickerView.swift in Sources */,
				C2207F022A1F1B7F00F31578 /* NotesViewModel.swift in Sources */,
				BC587C4A2A2E860300FEDAE1 /* MiscSearchBarView.swift in Sources */,
				C235FDAD2A18106E005412A7 /* AdminView.swift in Sources */,
				BC587C4C2A2E860300FEDAE1 /* MiscSystemImageView.swift in Sources */,
				BC587C492A2E860300FEDAE1 /* MiscTextFieldView.swift in Sources */,
				BC587C462A2E860300FEDAE1 /* PictogramViewModel.swift in Sources */,
				C29428062A15B3C500E814C9 /* AuthenticationFirebaseDataSource.swift in Sources */,
				C2207F042A206B4900F31578 /* AddNoteView.swift in Sources */,
				C2BEDB0C2A1410AC005398F9 /* DismissView.swift in Sources */,
				BC587C502A2E860300FEDAE1 /* PageModel.swift in Sources */,
				BC587C442A2E860300FEDAE1 /* PictogramEditorWindowView.swift in Sources */,
				BC587C422A2E860300FEDAE1 /* DropDownCategoryPicker.swift in Sources */,
				C2A8CAB62A0D9F540026DB96 /* nuevoamanecerApp.swift in Sources */,
				C2207EFE2A1C04A500F31578 /* AddPatientView.swift in Sources */,
				BC587C512A2E860300FEDAE1 /* PictogramModel.swift in Sources */,
				C2207F062A2162E600F31578 /* EditPatientView.swift in Sources */,
				C29428082A15B85500E814C9 /* ContentView.swift in Sources */,
				BC587C412A2E860300FEDAE1 /* CategoryPickerView.swift in Sources */,
				C250AFC72A174B60008F5699 /* AuthView.swift in Sources */,
				C235FDB12A1810C3005412A7 /* PatientsViewModel.swift in Sources */,
				BC587C472A2E860300FEDAE1 /* CategoryViewModel.swift in Sources */,
				BC587C452A2E860300FEDAE1 /* CategoryEditorWindowView.swift in Sources */,
				C2207F002A1F1AF400F31578 /* Note.swift in Sources */,
				BC587C402A2E860300FEDAE1 /* PictogramView.swift in Sources */,
				C2BEDB672A157B72005398F9 /* User.swift in Sources */,
				C235FDB32A1810EB005412A7 /* Patient.swift in Sources */,
				BC587C432A2E860300FEDAE1 /* PictogramGridView.swift in Sources */,
				BC587C482A2E860300FEDAE1 /* PageViewModel.swift in Sources */,
				C2BEDB632A157B12005398F9 /* LoginView.swift in Sources */,
				BC587C4F2A2E860300FEDAE1 /* CategoryModel.swift in Sources */,
				BC587C4D2A2E860300FEDAE1 /* MiscButtonView.swift in Sources */,
				C2BEDB6D2A15867D005398F9 /* AuthViewModel.swift in Sources */,
				C2207F0E2A268C5A00F31578 /* EditNoteView.swift in Sources */,
				C2207F082A252D2900F31578 /* DeletePatientView.swift in Sources */,
			);
			runOnlyForDeploymentPostprocessing = 0;
		};
/* End PBXSourcesBuildPhase section */

/* Begin XCBuildConfiguration section */
		C2A8CABE2A0D9F580026DB96 /* Debug */ = {
			isa = XCBuildConfiguration;
			buildSettings = {
				ALWAYS_SEARCH_USER_PATHS = NO;
				CLANG_ANALYZER_NONNULL = YES;
				CLANG_ANALYZER_NUMBER_OBJECT_CONVERSION = YES_AGGRESSIVE;
				CLANG_CXX_LANGUAGE_STANDARD = "gnu++20";
				CLANG_ENABLE_MODULES = YES;
				CLANG_ENABLE_OBJC_ARC = YES;
				CLANG_ENABLE_OBJC_WEAK = YES;
				CLANG_WARN_BLOCK_CAPTURE_AUTORELEASING = YES;
				CLANG_WARN_BOOL_CONVERSION = YES;
				CLANG_WARN_COMMA = YES;
				CLANG_WARN_CONSTANT_CONVERSION = YES;
				CLANG_WARN_DEPRECATED_OBJC_IMPLEMENTATIONS = YES;
				CLANG_WARN_DIRECT_OBJC_ISA_USAGE = YES_ERROR;
				CLANG_WARN_DOCUMENTATION_COMMENTS = YES;
				CLANG_WARN_EMPTY_BODY = YES;
				CLANG_WARN_ENUM_CONVERSION = YES;
				CLANG_WARN_INFINITE_RECURSION = YES;
				CLANG_WARN_INT_CONVERSION = YES;
				CLANG_WARN_NON_LITERAL_NULL_CONVERSION = YES;
				CLANG_WARN_OBJC_IMPLICIT_RETAIN_SELF = YES;
				CLANG_WARN_OBJC_LITERAL_CONVERSION = YES;
				CLANG_WARN_OBJC_ROOT_CLASS = YES_ERROR;
				CLANG_WARN_QUOTED_INCLUDE_IN_FRAMEWORK_HEADER = YES;
				CLANG_WARN_RANGE_LOOP_ANALYSIS = YES;
				CLANG_WARN_STRICT_PROTOTYPES = YES;
				CLANG_WARN_SUSPICIOUS_MOVE = YES;
				CLANG_WARN_UNGUARDED_AVAILABILITY = YES_AGGRESSIVE;
				CLANG_WARN_UNREACHABLE_CODE = YES;
				CLANG_WARN__DUPLICATE_METHOD_MATCH = YES;
				COPY_PHASE_STRIP = NO;
				DEBUG_INFORMATION_FORMAT = dwarf;
				ENABLE_STRICT_OBJC_MSGSEND = YES;
				ENABLE_TESTABILITY = YES;
				GCC_C_LANGUAGE_STANDARD = gnu11;
				GCC_DYNAMIC_NO_PIC = NO;
				GCC_NO_COMMON_BLOCKS = YES;
				GCC_OPTIMIZATION_LEVEL = 0;
				GCC_PREPROCESSOR_DEFINITIONS = (
					"DEBUG=1",
					"$(inherited)",
				);
				GCC_WARN_64_TO_32_BIT_CONVERSION = YES;
				GCC_WARN_ABOUT_RETURN_TYPE = YES_ERROR;
				GCC_WARN_UNDECLARED_SELECTOR = YES;
				GCC_WARN_UNINITIALIZED_AUTOS = YES_AGGRESSIVE;
				GCC_WARN_UNUSED_FUNCTION = YES;
				GCC_WARN_UNUSED_VARIABLE = YES;
				IPHONEOS_DEPLOYMENT_TARGET = 16.4;
				MTL_ENABLE_DEBUG_INFO = INCLUDE_SOURCE;
				MTL_FAST_MATH = YES;
				ONLY_ACTIVE_ARCH = YES;
				SDKROOT = iphoneos;
				SWIFT_ACTIVE_COMPILATION_CONDITIONS = DEBUG;
				SWIFT_OPTIMIZATION_LEVEL = "-Onone";
			};
			name = Debug;
		};
		C2A8CABF2A0D9F580026DB96 /* Release */ = {
			isa = XCBuildConfiguration;
			buildSettings = {
				ALWAYS_SEARCH_USER_PATHS = NO;
				CLANG_ANALYZER_NONNULL = YES;
				CLANG_ANALYZER_NUMBER_OBJECT_CONVERSION = YES_AGGRESSIVE;
				CLANG_CXX_LANGUAGE_STANDARD = "gnu++20";
				CLANG_ENABLE_MODULES = YES;
				CLANG_ENABLE_OBJC_ARC = YES;
				CLANG_ENABLE_OBJC_WEAK = YES;
				CLANG_WARN_BLOCK_CAPTURE_AUTORELEASING = YES;
				CLANG_WARN_BOOL_CONVERSION = YES;
				CLANG_WARN_COMMA = YES;
				CLANG_WARN_CONSTANT_CONVERSION = YES;
				CLANG_WARN_DEPRECATED_OBJC_IMPLEMENTATIONS = YES;
				CLANG_WARN_DIRECT_OBJC_ISA_USAGE = YES_ERROR;
				CLANG_WARN_DOCUMENTATION_COMMENTS = YES;
				CLANG_WARN_EMPTY_BODY = YES;
				CLANG_WARN_ENUM_CONVERSION = YES;
				CLANG_WARN_INFINITE_RECURSION = YES;
				CLANG_WARN_INT_CONVERSION = YES;
				CLANG_WARN_NON_LITERAL_NULL_CONVERSION = YES;
				CLANG_WARN_OBJC_IMPLICIT_RETAIN_SELF = YES;
				CLANG_WARN_OBJC_LITERAL_CONVERSION = YES;
				CLANG_WARN_OBJC_ROOT_CLASS = YES_ERROR;
				CLANG_WARN_QUOTED_INCLUDE_IN_FRAMEWORK_HEADER = YES;
				CLANG_WARN_RANGE_LOOP_ANALYSIS = YES;
				CLANG_WARN_STRICT_PROTOTYPES = YES;
				CLANG_WARN_SUSPICIOUS_MOVE = YES;
				CLANG_WARN_UNGUARDED_AVAILABILITY = YES_AGGRESSIVE;
				CLANG_WARN_UNREACHABLE_CODE = YES;
				CLANG_WARN__DUPLICATE_METHOD_MATCH = YES;
				COPY_PHASE_STRIP = NO;
				DEBUG_INFORMATION_FORMAT = "dwarf-with-dsym";
				ENABLE_NS_ASSERTIONS = NO;
				ENABLE_STRICT_OBJC_MSGSEND = YES;
				GCC_C_LANGUAGE_STANDARD = gnu11;
				GCC_NO_COMMON_BLOCKS = YES;
				GCC_WARN_64_TO_32_BIT_CONVERSION = YES;
				GCC_WARN_ABOUT_RETURN_TYPE = YES_ERROR;
				GCC_WARN_UNDECLARED_SELECTOR = YES;
				GCC_WARN_UNINITIALIZED_AUTOS = YES_AGGRESSIVE;
				GCC_WARN_UNUSED_FUNCTION = YES;
				GCC_WARN_UNUSED_VARIABLE = YES;
				IPHONEOS_DEPLOYMENT_TARGET = 16.4;
				MTL_ENABLE_DEBUG_INFO = NO;
				MTL_FAST_MATH = YES;
				SDKROOT = iphoneos;
				SWIFT_COMPILATION_MODE = wholemodule;
				SWIFT_OPTIMIZATION_LEVEL = "-O";
				VALIDATE_PRODUCT = YES;
			};
			name = Release;
		};
		C2A8CAC12A0D9F580026DB96 /* Debug */ = {
			isa = XCBuildConfiguration;
			buildSettings = {
				ASSETCATALOG_COMPILER_APPICON_NAME = AppIcon;
				ASSETCATALOG_COMPILER_GLOBAL_ACCENT_COLOR_NAME = AccentColor;
				CODE_SIGN_STYLE = Automatic;
				CURRENT_PROJECT_VERSION = 1;
				DEVELOPMENT_ASSET_PATHS = "\"nuevoamanecer/Preview Content\"";
				DEVELOPMENT_TEAM = 633HKT35S8;
				ENABLE_PREVIEWS = YES;
				GENERATE_INFOPLIST_FILE = YES;
				INFOPLIST_KEY_UIApplicationSceneManifest_Generation = YES;
				INFOPLIST_KEY_UIApplicationSupportsIndirectInputEvents = YES;
				INFOPLIST_KEY_UILaunchScreen_Generation = YES;
				INFOPLIST_KEY_UISupportedInterfaceOrientations_iPad = "UIInterfaceOrientationPortrait UIInterfaceOrientationPortraitUpsideDown UIInterfaceOrientationLandscapeLeft UIInterfaceOrientationLandscapeRight";
				INFOPLIST_KEY_UISupportedInterfaceOrientations_iPhone = "UIInterfaceOrientationPortrait UIInterfaceOrientationLandscapeLeft UIInterfaceOrientationLandscapeRight";
				LD_RUNPATH_SEARCH_PATHS = (
					"$(inherited)",
					"@executable_path/Frameworks",
				);
				MARKETING_VERSION = 1.0;
				PRODUCT_BUNDLE_IDENTIFIER = com.sam.nuevoamanecer;
				PRODUCT_NAME = "$(TARGET_NAME)";
				SWIFT_EMIT_LOC_STRINGS = YES;
				SWIFT_VERSION = 5.0;
				TARGETED_DEVICE_FAMILY = "1,2";
			};
			name = Debug;
		};
		C2A8CAC22A0D9F580026DB96 /* Release */ = {
			isa = XCBuildConfiguration;
			buildSettings = {
				ASSETCATALOG_COMPILER_APPICON_NAME = AppIcon;
				ASSETCATALOG_COMPILER_GLOBAL_ACCENT_COLOR_NAME = AccentColor;
				CODE_SIGN_STYLE = Automatic;
				CURRENT_PROJECT_VERSION = 1;
				DEVELOPMENT_ASSET_PATHS = "\"nuevoamanecer/Preview Content\"";
				DEVELOPMENT_TEAM = 633HKT35S8;
				ENABLE_PREVIEWS = YES;
				GENERATE_INFOPLIST_FILE = YES;
				INFOPLIST_KEY_UIApplicationSceneManifest_Generation = YES;
				INFOPLIST_KEY_UIApplicationSupportsIndirectInputEvents = YES;
				INFOPLIST_KEY_UILaunchScreen_Generation = YES;
				INFOPLIST_KEY_UISupportedInterfaceOrientations_iPad = "UIInterfaceOrientationPortrait UIInterfaceOrientationPortraitUpsideDown UIInterfaceOrientationLandscapeLeft UIInterfaceOrientationLandscapeRight";
				INFOPLIST_KEY_UISupportedInterfaceOrientations_iPhone = "UIInterfaceOrientationPortrait UIInterfaceOrientationLandscapeLeft UIInterfaceOrientationLandscapeRight";
				LD_RUNPATH_SEARCH_PATHS = (
					"$(inherited)",
					"@executable_path/Frameworks",
				);
				MARKETING_VERSION = 1.0;
				PRODUCT_BUNDLE_IDENTIFIER = com.sam.nuevoamanecer;
				PRODUCT_NAME = "$(TARGET_NAME)";
				SWIFT_EMIT_LOC_STRINGS = YES;
				SWIFT_VERSION = 5.0;
				TARGETED_DEVICE_FAMILY = "1,2";
			};
			name = Release;
		};
/* End XCBuildConfiguration section */

/* Begin XCConfigurationList section */
		C2A8CAAD2A0D9F540026DB96 /* Build configuration list for PBXProject "nuevoamanecer" */ = {
			isa = XCConfigurationList;
			buildConfigurations = (
				C2A8CABE2A0D9F580026DB96 /* Debug */,
				C2A8CABF2A0D9F580026DB96 /* Release */,
			);
			defaultConfigurationIsVisible = 0;
			defaultConfigurationName = Release;
		};
		C2A8CAC02A0D9F580026DB96 /* Build configuration list for PBXNativeTarget "nuevoamanecer" */ = {
			isa = XCConfigurationList;
			buildConfigurations = (
				C2A8CAC12A0D9F580026DB96 /* Debug */,
				C2A8CAC22A0D9F580026DB96 /* Release */,
			);
			defaultConfigurationIsVisible = 0;
			defaultConfigurationName = Release;
		};
/* End XCConfigurationList section */

/* Begin XCRemoteSwiftPackageReference section */
		C2207EFA2A184E3000F31578 /* XCRemoteSwiftPackageReference "Kingfisher" */ = {
			isa = XCRemoteSwiftPackageReference;
			repositoryURL = "https://github.com/onevcat/Kingfisher";
			requirement = {
				kind = upToNextMajorVersion;
				minimumVersion = 7.0.0;
			};
		};
		C2BEDAFE2A0DA53B005398F9 /* XCRemoteSwiftPackageReference "firebase-ios-sdk" */ = {
			isa = XCRemoteSwiftPackageReference;
			repositoryURL = "https://github.com/firebase/firebase-ios-sdk";
			requirement = {
				kind = upToNextMajorVersion;
				minimumVersion = 10.0.0;
			};
		};
/* End XCRemoteSwiftPackageReference section */

/* Begin XCSwiftPackageProductDependency section */
		C2207EFB2A184E3000F31578 /* Kingfisher */ = {
			isa = XCSwiftPackageProductDependency;
			package = C2207EFA2A184E3000F31578 /* XCRemoteSwiftPackageReference "Kingfisher" */;
			productName = Kingfisher;
		};
		C29428012A15A8F000E814C9 /* FirebaseFirestore */ = {
			isa = XCSwiftPackageProductDependency;
			package = C2BEDAFE2A0DA53B005398F9 /* XCRemoteSwiftPackageReference "firebase-ios-sdk" */;
			productName = FirebaseFirestore;
		};
		C2BEDAFF2A0DA53B005398F9 /* FirebaseAnalytics */ = {
			isa = XCSwiftPackageProductDependency;
			package = C2BEDAFE2A0DA53B005398F9 /* XCRemoteSwiftPackageReference "firebase-ios-sdk" */;
			productName = FirebaseAnalytics;
		};
		C2BEDB012A0DA53B005398F9 /* FirebaseAnalyticsSwift */ = {
			isa = XCSwiftPackageProductDependency;
			package = C2BEDAFE2A0DA53B005398F9 /* XCRemoteSwiftPackageReference "firebase-ios-sdk" */;
			productName = FirebaseAnalyticsSwift;
		};
		C2BEDB0E2A141262005398F9 /* FirebaseAuth */ = {
			isa = XCSwiftPackageProductDependency;
			package = C2BEDAFE2A0DA53B005398F9 /* XCRemoteSwiftPackageReference "firebase-ios-sdk" */;
			productName = FirebaseAuth;
		};
/* End XCSwiftPackageProductDependency section */
	};
	rootObject = C2A8CAAA2A0D9F540026DB96 /* Project object */;
}
